
Microsoft Visual Studio Solution File, Format Version 12.00
# Visual Studio 15
Project("{FAE04EC0-301F-11D3-BF4B-00C04F79EFBC}") = "Unity.Timeline", "Unity.Timeline.csproj", "{97E35316-8E29-336E-9676-2DDC4F919442}"
EndProject
Project("{FAE04EC0-301F-11D3-BF4B-00C04F79EFBC}") = "Unity.PlasticSCM.Editor", "Unity.PlasticSCM.Editor.csproj", "{60EFE131-BEE1-376D-F506-F7BE398B42DB}"
EndProject
Project("{FAE04EC0-301F-11D3-BF4B-00C04F79EFBC}") = "Unity.ProBuilder", "Unity.ProBuilder.csproj", "{614B4C11-7702-20B4-0491-8570C655F7F7}"
EndProject
Project("{FAE04EC0-301F-11D3-BF4B-00C04F79EFBC}") = "Unity.Entities.Graphics", "Unity.Entities.Graphics.csproj", "{48AAB338-3A9C-D210-4C57-48394020E0B4}"
EndProject
Project("{FAE04EC0-301F-11D3-BF4B-00C04F79EFBC}") = "Unity.Physics", "Unity.Physics.csproj", "{1D0D283D-8D79-E701-56CA-0BA45EE81C17}"
EndProject
Project("{FAE04EC0-301F-11D3-BF4B-00C04F79EFBC}") = "Unity.ScriptableBuildPipeline.Editor", "Unity.ScriptableBuildPipeline.Editor.csproj", "{9B8F421A-9DCB-EE76-4366-54B4521297D2}"
EndProject
Project("{FAE04EC0-301F-11D3-BF4B-00C04F79EFBC}") = "Unity.Mathematics", "Unity.Mathematics.csproj", "{9BBAC060-253D-7125-B9C3-7C56101A96BB}"
EndProject
Project("{FAE04EC0-301F-11D3-BF4B-00C04F79EFBC}") = "Unity.Timeline.Editor", "Unity.Timeline.Editor.csproj", "{7142BE43-F75F-8B74-4F16-D1C36AB594F9}"
EndProject
Project("{FAE04EC0-301F-11D3-BF4B-00C04F79EFBC}") = "Unity.Cinemachine.Editor", "Unity.Cinemachine.Editor.csproj", "{A602AE24-222F-B6F9-0612-E4696801B8E3}"
EndProject
Project("{FAE04EC0-301F-11D3-BF4B-00C04F79EFBC}") = "Unity.Collections", "Unity.Collections.csproj", "{31FBDA07-5F7B-B99A-1967-3D844D320FBF}"
EndProject
Project("{FAE04EC0-301F-11D3-BF4B-00C04F79EFBC}") = "Unity.Addressables.Editor", "Unity.Addressables.Editor.csproj", "{AAFBF892-8C26-BBEE-9362-328E1A38ED8D}"
EndProject
Project("{FAE04EC0-301F-11D3-BF4B-00C04F79EFBC}") = "Zenject", "Zenject.csproj", "{AAB6C2C9-6333-81E0-9781-FF3804174978}"
EndProject
Project("{FAE04EC0-301F-11D3-BF4B-00C04F79EFBC}") = "Unity.ProBuilder.Poly2Tri", "Unity.ProBuilder.Poly2Tri.csproj", "{87FB8203-B8A0-E377-3316-0D49A88C5696}"
EndProject
Project("{FAE04EC0-301F-11D3-BF4B-00C04F79EFBC}") = "Unity.Entities.UI.Editor", "Unity.Entities.UI.Editor.csproj", "{CEBC2006-7D05-FDCA-9379-072AD390BAAF}"
EndProject
Project("{FAE04EC0-301F-11D3-BF4B-00C04F79EFBC}") = "Zenject-IntegrationTests-Editor", "Zenject-IntegrationTests-Editor.csproj", "{43E9082A-95FB-C13F-D7C4-E2633980FC3C}"
EndProject
Project("{FAE04EC0-301F-11D3-BF4B-00C04F79EFBC}") = "Unity.PerformanceTesting.Editor", "Unity.PerformanceTesting.Editor.csproj", "{15D3ACC9-9BB3-DF25-91F0-D8F7D64451E2}"
EndProject
Project("{FAE04EC0-301F-11D3-BF4B-00C04F79EFBC}") = "Unity.VisualScripting.Core.Editor", "Unity.VisualScripting.Core.Editor.csproj", "{EA270F0E-3DBF-9856-F023-5C04CFDCDEC1}"
EndProject
Project("{FAE04EC0-301F-11D3-BF4B-00C04F79EFBC}") = "Unity.Burst", "Unity.Burst.csproj", "{BA7F38C1-B748-6C04-293A-A8C86B3E5FD9}"
EndProject
Project("{FAE04EC0-301F-11D3-BF4B-00C04F79EFBC}") = "Unity.Splines", "Unity.Splines.csproj", "{906A483A-98EC-4E52-6F3E-F6F432636611}"
EndProject
Project("{FAE04EC0-301F-11D3-BF4B-00C04F79EFBC}") = "Unity.VisualScripting.Flow.Editor", "Unity.VisualScripting.Flow.Editor.csproj", "{086B3D11-43C3-53A0-9398-1DBC0DF8A742}"
EndProject
Project("{FAE04EC0-301F-11D3-BF4B-00C04F79EFBC}") = "Unity.ProBuilder.Csg", "Unity.ProBuilder.Csg.csproj", "{CF202921-6D8C-DD83-7AE3-94002A142A94}"
EndProject
Project("{FAE04EC0-301F-11D3-BF4B-00C04F79EFBC}") = "Unity.InputSystem", "Unity.InputSystem.csproj", "{6D81DC3B-DEEF-677D-6635-15A22AE98291}"
EndProject
Project("{FAE04EC0-301F-11D3-BF4B-00C04F79EFBC}") = "Unity.VisualStudio.Editor", "Unity.VisualStudio.Editor.csproj", "{B26114D2-C623-3B20-5873-380A2F0383BB}"
EndProject
Project("{FAE04EC0-301F-11D3-BF4B-00C04F79EFBC}") = "Zenject-ReflectionBaking-Editor", "Zenject-ReflectionBaking-Editor.csproj", "{C75FDC1A-6AB2-4376-2313-FDD869FD6E15}"
EndProject
Project("{FAE04EC0-301F-11D3-BF4B-00C04F79EFBC}") = "Unity.Entities", "Unity.Entities.csproj", "{63708A67-6DE0-404D-4F58-4BFF7FCA4D8D}"
EndProject
Project("{FAE04EC0-301F-11D3-BF4B-00C04F79EFBC}") = "Unity.Scenes", "Unity.Scenes.csproj", "{CABD19A3-8746-1A67-F7B9-B9B8D3B639CF}"
EndProject
Project("{FAE04EC0-301F-11D3-BF4B-00C04F79EFBC}") = "Unity.Entities.Editor", "Unity.Entities.Editor.csproj", "{0BB55EB4-E96C-3D02-B552-5E5EF47089D8}"
EndProject
Project("{FAE04EC0-301F-11D3-BF4B-00C04F79EFBC}") = "Unity.Searcher.Editor", "Unity.Searcher.Editor.csproj", "{7280C988-6B14-FCD7-0382-136ED68FF5F7}"
EndProject
Project("{FAE04EC0-301F-11D3-BF4B-00C04F79EFBC}") = "Unity.InternalAPIEngineBridge.002", "Unity.InternalAPIEngineBridge.002.csproj", "{A0C1C582-2183-F7CA-3B9B-F2A4173C998F}"
EndProject
Project("{FAE04EC0-301F-11D3-BF4B-00C04F79EFBC}") = "Unity.ProBuilder.Editor", "Unity.ProBuilder.Editor.csproj", "{8C3B230A-0F66-3C50-5707-F8309EA4F882}"
EndProject
Project("{FAE04EC0-301F-11D3-BF4B-00C04F79EFBC}") = "Unity.ResourceManager", "Unity.ResourceManager.csproj", "{83436FB7-DAB7-6454-D67F-964EC514DC0A}"
EndProject
Project("{FAE04EC0-301F-11D3-BF4B-00C04F79EFBC}") = "Zenject-UnitTests-Editor", "Zenject-UnitTests-Editor.csproj", "{6BE880AC-5562-7A7C-2A7B-3C39C10B78A5}"
EndProject
Project("{FAE04EC0-301F-11D3-BF4B-00C04F79EFBC}") = "Unity.VisualScripting.Core", "Unity.VisualScripting.Core.csproj", "{8B0D81F4-161F-DDFC-5F6C-2D76A065F8EF}"
EndProject
Project("{FAE04EC0-301F-11D3-BF4B-00C04F79EFBC}") = "Zenject-Editor", "Zenject-Editor.csproj", "{37784D2F-89D8-4436-5820-3DD7F254DAE6}"
EndProject
Project("{FAE04EC0-301F-11D3-BF4B-00C04F79EFBC}") = "Unity.CollabProxy.Editor", "Unity.CollabProxy.Editor.csproj", "{85E766CA-0347-3B8D-1A98-C0DC47899E39}"
EndProject
Project("{FAE04EC0-301F-11D3-BF4B-00C04F79EFBC}") = "Zenject-IntegrationTests", "Zenject-IntegrationTests.csproj", "{F379359E-F5CA-F92A-465E-DDEC936C894E}"
EndProject
Project("{FAE04EC0-301F-11D3-BF4B-00C04F79EFBC}") = "Unity.VisualScripting.State.Editor", "Unity.VisualScripting.State.Editor.csproj", "{A40BB558-026A-005E-96B3-79189BFB79C1}"
EndProject
Project("{FAE04EC0-301F-11D3-BF4B-00C04F79EFBC}") = "Unity.Physics.Hybrid", "Unity.Physics.Hybrid.csproj", "{7F876AA0-FB45-CD3D-21B1-3BC593B27647}"
EndProject
Project("{FAE04EC0-301F-11D3-BF4B-00C04F79EFBC}") = "Unity.Burst.CodeGen", "Unity.Burst.CodeGen.csproj", "{05594BDA-2388-56D8-53AF-C3B9F06DBB4D}"
EndProject
Project("{FAE04EC0-301F-11D3-BF4B-00C04F79EFBC}") = "Unity.Cinemachine", "Unity.Cinemachine.csproj", "{42A30419-C467-5E10-C71D-852493D156A6}"
EndProject
Project("{FAE04EC0-301F-11D3-BF4B-00C04F79EFBC}") = "Unity.Addressables.DocExampleCode.Editor.Tests", "Unity.Addressables.DocExampleCode.Editor.Tests.csproj", "{4740E139-6420-C0C5-BA3B-1166A03BA985}"
EndProject
Project("{FAE04EC0-301F-11D3-BF4B-00C04F79EFBC}") = "Unity.VisualScripting.Flow", "Unity.VisualScripting.Flow.csproj", "{ADAE0C5A-DC0F-A677-ECF3-C1A86398D94E}"
EndProject
Project("{FAE04EC0-301F-11D3-BF4B-00C04F79EFBC}") = "Unity.Splines.Editor", "Unity.Splines.Editor.csproj", "{6EC99BE4-E434-FBF1-AF6B-1EEDAD86FCA3}"
EndProject
Project("{FAE04EC0-301F-11D3-BF4B-00C04F79EFBC}") = "Unity.Entities.Hybrid", "Unity.Entities.Hybrid.csproj", "{FA5B14A9-77CE-09E7-940F-7004579A4526}"
EndProject
Project("{FAE04EC0-301F-11D3-BF4B-00C04F79EFBC}") = "Unity.PerformanceTesting", "Unity.PerformanceTesting.csproj", "{B3478D88-FC59-EFAE-AE74-9EB2B1923669}"
EndProject
Project("{FAE04EC0-301F-11D3-BF4B-00C04F79EFBC}") = "Tayx.Graphy", "Tayx.Graphy.csproj", "{34105BD4-7585-C77A-B799-9743EC834EE5}"
EndProject
Project("{FAE04EC0-301F-11D3-BF4B-00C04F79EFBC}") = "Unity.Scenes.Editor", "Unity.Scenes.Editor.csproj", "{2586B3FA-7F56-0B15-C6B2-2DAE38FFE940}"
EndProject
Project("{FAE04EC0-301F-11D3-BF4B-00C04F79EFBC}") = "TestLab", "TestLab.csproj", "{8E9A3735-0557-4076-B322-D58A92341BC5}"
EndProject
Project("{FAE04EC0-301F-11D3-BF4B-00C04F79EFBC}") = "Unity.Serialization", "Unity.Serialization.csproj", "{52DA3605-1EF8-6B84-6821-83BBD6AD690C}"
EndProject
Project("{FAE04EC0-301F-11D3-BF4B-00C04F79EFBC}") = "Unity.Burst.Editor", "Unity.Burst.Editor.csproj", "{E88E14AD-23BF-0133-4590-34E5E55F235A}"
EndProject
Project("{FAE04EC0-301F-11D3-BF4B-00C04F79EFBC}") = "Unity.Rider.Editor", "Unity.Rider.Editor.csproj", "{7B233365-87FD-F2C1-0572-F41A44D60464}"
EndProject
Project("{FAE04EC0-301F-11D3-BF4B-00C04F79EFBC}") = "Unity.VisualScripting.State", "Unity.VisualScripting.State.csproj", "{78D3C546-B09A-A61C-7A76-5504CCA5DD8F}"
EndProject
Project("{FAE04EC0-301F-11D3-BF4B-00C04F79EFBC}") = "Unity.InternalAPIEditorBridge.002", "Unity.InternalAPIEditorBridge.002.csproj", "{6BE14C5C-88D5-5B3B-00CC-32FA4D215AB2}"
EndProject
Project("{FAE04EC0-301F-11D3-BF4B-00C04F79EFBC}") = "Unity.Entities.CodeGen", "Unity.Entities.CodeGen.csproj", "{6BE85FB9-C4C5-B687-FBCD-3EE8F2909603}"
EndProject
Project("{FAE04EC0-301F-11D3-BF4B-00C04F79EFBC}") = "Unity.Entities.Editor.Properties", "Unity.Entities.Editor.Properties.csproj", "{27128AE3-0608-A181-0B78-B70F8D80AA3F}"
EndProject
Project("{FAE04EC0-301F-11D3-BF4B-00C04F79EFBC}") = "Unity.Physics.Editor", "Unity.Physics.Editor.csproj", "{BD7B6753-A4BF-C1F4-D848-247CD347725B}"
EndProject
Project("{FAE04EC0-301F-11D3-BF4B-00C04F79EFBC}") = "Unity.ProBuilder.KdTree", "Unity.ProBuilder.KdTree.csproj", "{DA237404-4A3F-F4E4-C492-B95C1745BF87}"
EndProject
Project("{FAE04EC0-301F-11D3-BF4B-00C04F79EFBC}") = "Unity.ProBuilder.AddOns.Editor", "Unity.ProBuilder.AddOns.Editor.csproj", "{47024E62-74E7-2CB8-0BA8-268461614579}"
EndProject
Project("{FAE04EC0-301F-11D3-BF4B-00C04F79EFBC}") = "Unity.InputSystem.ForUI", "Unity.InputSystem.ForUI.csproj", "{5F871410-67FC-EC69-99BC-118EA3F41397}"
EndProject
Project("{FAE04EC0-301F-11D3-BF4B-00C04F79EFBC}") = "Unity.Collections.CodeGen", "Unity.Collections.CodeGen.csproj", "{9E9C7AF4-64C9-906A-3634-33BFB4AEE6B6}"
EndProject
Project("{FAE04EC0-301F-11D3-BF4B-00C04F79EFBC}") = "Unity.Addressables", "Unity.Addressables.csproj", "{A22EF10B-911C-F44C-ED19-F7D32F0163E0}"
EndProject
Project("{FAE04EC0-301F-11D3-BF4B-00C04F79EFBC}") = "Zenject-TestFramework", "Zenject-TestFramework.csproj", "{6EC14AB4-9531-01E6-201E-C931CBD316FE}"
EndProject
Project("{FAE04EC0-301F-11D3-BF4B-00C04F79EFBC}") = "Unity.Entities.Hybrid.HybridComponents", "Unity.Entities.Hybrid.HybridComponents.csproj", "{C8B3B8C8-BBB8-F4CE-0898-D36F17168F7B}"
EndProject
Project("{FAE04EC0-301F-11D3-BF4B-00C04F79EFBC}") = "Unity.Mathematics.Editor", "Unity.Mathematics.Editor.csproj", "{33A891B4-6E1F-1B92-A061-22E6DFE3063C}"
EndProject
Project("{FAE04EC0-301F-11D3-BF4B-00C04F79EFBC}") = "Unity.VisualScripting.SettingsProvider.Editor", "Unity.VisualScripting.SettingsProvider.Editor.csproj", "{D6CEF346-8F45-B01D-8AD9-F58724A67665}"
EndProject
Project("{FAE04EC0-301F-11D3-BF4B-00C04F79EFBC}") = "Unity.Entities.UI", "Unity.Entities.UI.csproj", "{21D94C26-4C4E-E273-4102-6152F548C8CD}"
EndProject
Project("{FAE04EC0-301F-11D3-BF4B-00C04F79EFBC}") = "Unity.ProBuilder.AssetIdRemapUtility", "Unity.ProBuilder.AssetIdRemapUtility.csproj", "{6B0D86C3-9247-C236-9947-724B904DFE60}"
EndProject
Project("{FAE04EC0-301F-11D3-BF4B-00C04F79EFBC}") = "Unity.Transforms", "Unity.Transforms.csproj", "{702EA7E0-CA78-9A17-D537-C65684A31EBF}"
EndProject
Project("{FAE04EC0-301F-11D3-BF4B-00C04F79EFBC}") = "Unity.Settings.Editor", "Unity.Settings.Editor.csproj", "{6772579D-1B0F-50DD-EDB0-74E078AD9479}"
EndProject
Project("{FAE04EC0-301F-11D3-BF4B-00C04F79EFBC}") = "Unity.Entities.Build", "Unity.Entities.Build.csproj", "{894B0D0B-D0D6-556E-FA14-890E51684DCD}"
EndProject
Project("{FAE04EC0-301F-11D3-BF4B-00C04F79EFBC}") = "Unity.InputSystem.TestFramework", "Unity.InputSystem.TestFramework.csproj", "{431BC4B0-7DF2-049F-5A95-DB0FA075BDDE}"
EndProject
Project("{FAE04EC0-301F-11D3-BF4B-00C04F79EFBC}") = "Unity.VisualScripting.Shared.Editor", "Unity.VisualScripting.Shared.Editor.csproj", "{1AF99546-4B2C-A170-2864-D738EF0D12DC}"
EndProject
Project("{FAE04EC0-301F-11D3-BF4B-00C04F79EFBC}") = "Unity.Profiling.Core", "Unity.Profiling.Core.csproj", "{0C8E5FAA-D577-0678-BE8C-AC5BB365B864}"
EndProject
Project("{FAE04EC0-301F-11D3-BF4B-00C04F79EFBC}") = "Assembly-CSharp", "Assembly-CSharp.csproj", "{83B68F02-A6DE-3937-711B-63D5376BCE73}"
EndProject
Project("{FAE04EC0-301F-11D3-BF4B-00C04F79EFBC}") = "Zenject-PoolMonitor-Editor", "Zenject-PoolMonitor-Editor.csproj", "{C288B8C4-F8D5-EE9F-F351-211621D0A516}"
EndProject
Project("{FAE04EC0-301F-11D3-BF4B-00C04F79EFBC}") = "Unity.Core.Editor", "Unity.Core.Editor.csproj", "{92DC19EC-6DB6-A839-3D70-F328FB93B02D}"
EndProject
Project("{FAE04EC0-301F-11D3-BF4B-00C04F79EFBC}") = "Unity.Mathematics.Extensions", "Unity.Mathematics.Extensions.csproj", "{68691F44-EC03-E321-3F38-F2EFB156AC32}"
EndProject
Project("{FAE04EC0-301F-11D3-BF4B-00C04F79EFBC}") = "Unity.Entities.Graphics.Editor", "Unity.Entities.Graphics.Editor.csproj", "{0DD007A9-F40B-102E-FA87-516176A28F4C}"
EndProject
Project("{FAE04EC0-301F-11D3-BF4B-00C04F79EFBC}") = "Unity.Transforms.Hybrid", "Unity.Transforms.Hybrid.csproj", "{AB1E1550-FD97-684B-45BB-E0D361191350}"
EndProject
Project("{FAE04EC0-301F-11D3-BF4B-00C04F79EFBC}") = "Unity.Serialization.Editor", "Unity.Serialization.Editor.csproj", "{BCEEE2A4-65C8-FAA4-5888-789197266482}"
EndProject
Project("{FAE04EC0-301F-11D3-BF4B-00C04F79EFBC}") = "Unity.InputSystem.DocCodeSamples", "Unity.InputSystem.DocCodeSamples.csproj", "{E439DFF4-CD1F-783C-459B-E975583DA53E}"
EndProject
Project("{FAE04EC0-301F-11D3-BF4B-00C04F79EFBC}") = "Unity.ProBuilder.Stl", "Unity.ProBuilder.Stl.csproj", "{FFD5DFB0-6197-14E8-7959-AE7884EE0F9F}"
EndProject
Project("{FAE04EC0-301F-11D3-BF4B-00C04F79EFBC}") = "Tayx.Graphy.Editor", "Tayx.Graphy.Editor.csproj", "{2F94B8A0-EC78-7F06-F0D0-0BB6CB0E4C7B}"
EndProject
Project("{FAE04EC0-301F-11D3-BF4B-00C04F79EFBC}") = "Unity.Deformations", "Unity.Deformations.csproj", "{9D90995D-EA40-774F-5CAF-CB940076FA52}"
EndProject
Project("{FAE04EC0-301F-11D3-BF4B-00C04F79EFBC}") = "Unity.Mathematics.Extensions.Hybrid", "Unity.Mathematics.Extensions.Hybrid.csproj", "{8AADE012-34C2-3E2F-1657-20AEC0133FE1}"
EndProject
Project("{FAE04EC0-301F-11D3-BF4B-00C04F79EFBC}") = "Assembly-CSharp-Editor", "Assembly-CSharp-Editor.csproj", "{DCC94E33-55A3-E9D4-3FF4-F2A255C9230F}"
EndProject
Project("{FAE04EC0-301F-11D3-BF4B-00C04F79EFBC}") = "Unity.ScriptableBuildPipeline", "Unity.ScriptableBuildPipeline.csproj", "{1DBBFC04-EA73-F95B-58CB-2284D53A4602}"
EndProject
Project("{FAE04EC0-301F-11D3-BF4B-00C04F79EFBC}") = "Tests", "Tests.csproj", "{1B59769F-05EC-036C-96BC-9FEE363CBE37}"
EndProject
Project("{FAE04EC0-301F-11D3-BF4B-00C04F79EFBC}") = "Unity.Collections.Editor", "Unity.Collections.Editor.csproj", "{2C4D2290-F462-1B19-37B7-2247F2DA362A}"
EndProject
Global
	GlobalSection(SolutionConfigurationPlatforms) = preSolution
		Debug|Any CPU = Debug|Any CPU
		Release|Any CPU = Release|Any CPU
	EndGlobalSection
	GlobalSection(ProjectConfigurationPlatforms) = postSolution
		{97E35316-8E29-336E-9676-2DDC4F919442}.Debug|Any CPU.ActiveCfg = Debug|Any CPU
		{97E35316-8E29-336E-9676-2DDC4F919442}.Debug|Any CPU.Build.0 = Debug|Any CPU
		{97E35316-8E29-336E-9676-2DDC4F919442}.Release|Any CPU.ActiveCfg = Release|Any CPU
		{97E35316-8E29-336E-9676-2DDC4F919442}.Release|Any CPU.Build.0 = Release|Any CPU
		{60EFE131-BEE1-376D-F506-F7BE398B42DB}.Debug|Any CPU.ActiveCfg = Debug|Any CPU
		{60EFE131-BEE1-376D-F506-F7BE398B42DB}.Debug|Any CPU.Build.0 = Debug|Any CPU
		{60EFE131-BEE1-376D-F506-F7BE398B42DB}.Release|Any CPU.ActiveCfg = Release|Any CPU
		{60EFE131-BEE1-376D-F506-F7BE398B42DB}.Release|Any CPU.Build.0 = Release|Any CPU
		{614B4C11-7702-20B4-0491-8570C655F7F7}.Debug|Any CPU.ActiveCfg = Debug|Any CPU
		{614B4C11-7702-20B4-0491-8570C655F7F7}.Debug|Any CPU.Build.0 = Debug|Any CPU
		{614B4C11-7702-20B4-0491-8570C655F7F7}.Release|Any CPU.ActiveCfg = Release|Any CPU
		{614B4C11-7702-20B4-0491-8570C655F7F7}.Release|Any CPU.Build.0 = Release|Any CPU
		{48AAB338-3A9C-D210-4C57-48394020E0B4}.Debug|Any CPU.ActiveCfg = Debug|Any CPU
		{48AAB338-3A9C-D210-4C57-48394020E0B4}.Debug|Any CPU.Build.0 = Debug|Any CPU
		{48AAB338-3A9C-D210-4C57-48394020E0B4}.Release|Any CPU.ActiveCfg = Release|Any CPU
		{48AAB338-3A9C-D210-4C57-48394020E0B4}.Release|Any CPU.Build.0 = Release|Any CPU
		{1D0D283D-8D79-E701-56CA-0BA45EE81C17}.Debug|Any CPU.ActiveCfg = Debug|Any CPU
		{1D0D283D-8D79-E701-56CA-0BA45EE81C17}.Debug|Any CPU.Build.0 = Debug|Any CPU
		{1D0D283D-8D79-E701-56CA-0BA45EE81C17}.Release|Any CPU.ActiveCfg = Release|Any CPU
		{1D0D283D-8D79-E701-56CA-0BA45EE81C17}.Release|Any CPU.Build.0 = Release|Any CPU
		{9B8F421A-9DCB-EE76-4366-54B4521297D2}.Debug|Any CPU.ActiveCfg = Debug|Any CPU
		{9B8F421A-9DCB-EE76-4366-54B4521297D2}.Debug|Any CPU.Build.0 = Debug|Any CPU
		{9B8F421A-9DCB-EE76-4366-54B4521297D2}.Release|Any CPU.ActiveCfg = Release|Any CPU
		{9B8F421A-9DCB-EE76-4366-54B4521297D2}.Release|Any CPU.Build.0 = Release|Any CPU
		{9BBAC060-253D-7125-B9C3-7C56101A96BB}.Debug|Any CPU.ActiveCfg = Debug|Any CPU
		{9BBAC060-253D-7125-B9C3-7C56101A96BB}.Debug|Any CPU.Build.0 = Debug|Any CPU
		{9BBAC060-253D-7125-B9C3-7C56101A96BB}.Release|Any CPU.ActiveCfg = Release|Any CPU
		{9BBAC060-253D-7125-B9C3-7C56101A96BB}.Release|Any CPU.Build.0 = Release|Any CPU
		{7142BE43-F75F-8B74-4F16-D1C36AB594F9}.Debug|Any CPU.ActiveCfg = Debug|Any CPU
		{7142BE43-F75F-8B74-4F16-D1C36AB594F9}.Debug|Any CPU.Build.0 = Debug|Any CPU
		{7142BE43-F75F-8B74-4F16-D1C36AB594F9}.Release|Any CPU.ActiveCfg = Release|Any CPU
		{7142BE43-F75F-8B74-4F16-D1C36AB594F9}.Release|Any CPU.Build.0 = Release|Any CPU
		{A602AE24-222F-B6F9-0612-E4696801B8E3}.Debug|Any CPU.ActiveCfg = Debug|Any CPU
		{A602AE24-222F-B6F9-0612-E4696801B8E3}.Debug|Any CPU.Build.0 = Debug|Any CPU
		{A602AE24-222F-B6F9-0612-E4696801B8E3}.Release|Any CPU.ActiveCfg = Release|Any CPU
		{A602AE24-222F-B6F9-0612-E4696801B8E3}.Release|Any CPU.Build.0 = Release|Any CPU
		{31FBDA07-5F7B-B99A-1967-3D844D320FBF}.Debug|Any CPU.ActiveCfg = Debug|Any CPU
		{31FBDA07-5F7B-B99A-1967-3D844D320FBF}.Debug|Any CPU.Build.0 = Debug|Any CPU
		{31FBDA07-5F7B-B99A-1967-3D844D320FBF}.Release|Any CPU.ActiveCfg = Release|Any CPU
		{31FBDA07-5F7B-B99A-1967-3D844D320FBF}.Release|Any CPU.Build.0 = Release|Any CPU
		{AAFBF892-8C26-BBEE-9362-328E1A38ED8D}.Debug|Any CPU.ActiveCfg = Debug|Any CPU
		{AAFBF892-8C26-BBEE-9362-328E1A38ED8D}.Debug|Any CPU.Build.0 = Debug|Any CPU
		{AAFBF892-8C26-BBEE-9362-328E1A38ED8D}.Release|Any CPU.ActiveCfg = Release|Any CPU
		{AAFBF892-8C26-BBEE-9362-328E1A38ED8D}.Release|Any CPU.Build.0 = Release|Any CPU
		{AAB6C2C9-6333-81E0-9781-FF3804174978}.Debug|Any CPU.ActiveCfg = Debug|Any CPU
		{AAB6C2C9-6333-81E0-9781-FF3804174978}.Debug|Any CPU.Build.0 = Debug|Any CPU
		{AAB6C2C9-6333-81E0-9781-FF3804174978}.Release|Any CPU.ActiveCfg = Release|Any CPU
		{AAB6C2C9-6333-81E0-9781-FF3804174978}.Release|Any CPU.Build.0 = Release|Any CPU
		{87FB8203-B8A0-E377-3316-0D49A88C5696}.Debug|Any CPU.ActiveCfg = Debug|Any CPU
		{87FB8203-B8A0-E377-3316-0D49A88C5696}.Debug|Any CPU.Build.0 = Debug|Any CPU
		{87FB8203-B8A0-E377-3316-0D49A88C5696}.Release|Any CPU.ActiveCfg = Release|Any CPU
		{87FB8203-B8A0-E377-3316-0D49A88C5696}.Release|Any CPU.Build.0 = Release|Any CPU
		{CEBC2006-7D05-FDCA-9379-072AD390BAAF}.Debug|Any CPU.ActiveCfg = Debug|Any CPU
		{CEBC2006-7D05-FDCA-9379-072AD390BAAF}.Debug|Any CPU.Build.0 = Debug|Any CPU
		{CEBC2006-7D05-FDCA-9379-072AD390BAAF}.Release|Any CPU.ActiveCfg = Release|Any CPU
		{CEBC2006-7D05-FDCA-9379-072AD390BAAF}.Release|Any CPU.Build.0 = Release|Any CPU
		{43E9082A-95FB-C13F-D7C4-E2633980FC3C}.Debug|Any CPU.ActiveCfg = Debug|Any CPU
		{43E9082A-95FB-C13F-D7C4-E2633980FC3C}.Debug|Any CPU.Build.0 = Debug|Any CPU
		{43E9082A-95FB-C13F-D7C4-E2633980FC3C}.Release|Any CPU.ActiveCfg = Release|Any CPU
		{43E9082A-95FB-C13F-D7C4-E2633980FC3C}.Release|Any CPU.Build.0 = Release|Any CPU
		{15D3ACC9-9BB3-DF25-91F0-D8F7D64451E2}.Debug|Any CPU.ActiveCfg = Debug|Any CPU
		{15D3ACC9-9BB3-DF25-91F0-D8F7D64451E2}.Debug|Any CPU.Build.0 = Debug|Any CPU
		{15D3ACC9-9BB3-DF25-91F0-D8F7D64451E2}.Release|Any CPU.ActiveCfg = Release|Any CPU
		{15D3ACC9-9BB3-DF25-91F0-D8F7D64451E2}.Release|Any CPU.Build.0 = Release|Any CPU
		{EA270F0E-3DBF-9856-F023-5C04CFDCDEC1}.Debug|Any CPU.ActiveCfg = Debug|Any CPU
		{EA270F0E-3DBF-9856-F023-5C04CFDCDEC1}.Debug|Any CPU.Build.0 = Debug|Any CPU
		{EA270F0E-3DBF-9856-F023-5C04CFDCDEC1}.Release|Any CPU.ActiveCfg = Release|Any CPU
		{EA270F0E-3DBF-9856-F023-5C04CFDCDEC1}.Release|Any CPU.Build.0 = Release|Any CPU
		{BA7F38C1-B748-6C04-293A-A8C86B3E5FD9}.Debug|Any CPU.ActiveCfg = Debug|Any CPU
		{BA7F38C1-B748-6C04-293A-A8C86B3E5FD9}.Debug|Any CPU.Build.0 = Debug|Any CPU
		{BA7F38C1-B748-6C04-293A-A8C86B3E5FD9}.Release|Any CPU.ActiveCfg = Release|Any CPU
		{BA7F38C1-B748-6C04-293A-A8C86B3E5FD9}.Release|Any CPU.Build.0 = Release|Any CPU
		{906A483A-98EC-4E52-6F3E-F6F432636611}.Debug|Any CPU.ActiveCfg = Debug|Any CPU
		{906A483A-98EC-4E52-6F3E-F6F432636611}.Debug|Any CPU.Build.0 = Debug|Any CPU
		{906A483A-98EC-4E52-6F3E-F6F432636611}.Release|Any CPU.ActiveCfg = Release|Any CPU
		{906A483A-98EC-4E52-6F3E-F6F432636611}.Release|Any CPU.Build.0 = Release|Any CPU
		{086B3D11-43C3-53A0-9398-1DBC0DF8A742}.Debug|Any CPU.ActiveCfg = Debug|Any CPU
		{086B3D11-43C3-53A0-9398-1DBC0DF8A742}.Debug|Any CPU.Build.0 = Debug|Any CPU
		{086B3D11-43C3-53A0-9398-1DBC0DF8A742}.Release|Any CPU.ActiveCfg = Release|Any CPU
		{086B3D11-43C3-53A0-9398-1DBC0DF8A742}.Release|Any CPU.Build.0 = Release|Any CPU
		{CF202921-6D8C-DD83-7AE3-94002A142A94}.Debug|Any CPU.ActiveCfg = Debug|Any CPU
		{CF202921-6D8C-DD83-7AE3-94002A142A94}.Debug|Any CPU.Build.0 = Debug|Any CPU
		{CF202921-6D8C-DD83-7AE3-94002A142A94}.Release|Any CPU.ActiveCfg = Release|Any CPU
		{CF202921-6D8C-DD83-7AE3-94002A142A94}.Release|Any CPU.Build.0 = Release|Any CPU
		{6D81DC3B-DEEF-677D-6635-15A22AE98291}.Debug|Any CPU.ActiveCfg = Debug|Any CPU
		{6D81DC3B-DEEF-677D-6635-15A22AE98291}.Debug|Any CPU.Build.0 = Debug|Any CPU
		{6D81DC3B-DEEF-677D-6635-15A22AE98291}.Release|Any CPU.ActiveCfg = Release|Any CPU
		{6D81DC3B-DEEF-677D-6635-15A22AE98291}.Release|Any CPU.Build.0 = Release|Any CPU
		{B26114D2-C623-3B20-5873-380A2F0383BB}.Debug|Any CPU.ActiveCfg = Debug|Any CPU
		{B26114D2-C623-3B20-5873-380A2F0383BB}.Debug|Any CPU.Build.0 = Debug|Any CPU
		{B26114D2-C623-3B20-5873-380A2F0383BB}.Release|Any CPU.ActiveCfg = Release|Any CPU
		{B26114D2-C623-3B20-5873-380A2F0383BB}.Release|Any CPU.Build.0 = Release|Any CPU
		{C75FDC1A-6AB2-4376-2313-FDD869FD6E15}.Debug|Any CPU.ActiveCfg = Debug|Any CPU
		{C75FDC1A-6AB2-4376-2313-FDD869FD6E15}.Debug|Any CPU.Build.0 = Debug|Any CPU
		{C75FDC1A-6AB2-4376-2313-FDD869FD6E15}.Release|Any CPU.ActiveCfg = Release|Any CPU
		{C75FDC1A-6AB2-4376-2313-FDD869FD6E15}.Release|Any CPU.Build.0 = Release|Any CPU
		{63708A67-6DE0-404D-4F58-4BFF7FCA4D8D}.Debug|Any CPU.ActiveCfg = Debug|Any CPU
		{63708A67-6DE0-404D-4F58-4BFF7FCA4D8D}.Debug|Any CPU.Build.0 = Debug|Any CPU
		{63708A67-6DE0-404D-4F58-4BFF7FCA4D8D}.Release|Any CPU.ActiveCfg = Release|Any CPU
		{63708A67-6DE0-404D-4F58-4BFF7FCA4D8D}.Release|Any CPU.Build.0 = Release|Any CPU
		{CABD19A3-8746-1A67-F7B9-B9B8D3B639CF}.Debug|Any CPU.ActiveCfg = Debug|Any CPU
		{CABD19A3-8746-1A67-F7B9-B9B8D3B639CF}.Debug|Any CPU.Build.0 = Debug|Any CPU
		{CABD19A3-8746-1A67-F7B9-B9B8D3B639CF}.Release|Any CPU.ActiveCfg = Release|Any CPU
		{CABD19A3-8746-1A67-F7B9-B9B8D3B639CF}.Release|Any CPU.Build.0 = Release|Any CPU
		{0BB55EB4-E96C-3D02-B552-5E5EF47089D8}.Debug|Any CPU.ActiveCfg = Debug|Any CPU
		{0BB55EB4-E96C-3D02-B552-5E5EF47089D8}.Debug|Any CPU.Build.0 = Debug|Any CPU
		{0BB55EB4-E96C-3D02-B552-5E5EF47089D8}.Release|Any CPU.ActiveCfg = Release|Any CPU
		{0BB55EB4-E96C-3D02-B552-5E5EF47089D8}.Release|Any CPU.Build.0 = Release|Any CPU
		{7280C988-6B14-FCD7-0382-136ED68FF5F7}.Debug|Any CPU.ActiveCfg = Debug|Any CPU
		{7280C988-6B14-FCD7-0382-136ED68FF5F7}.Debug|Any CPU.Build.0 = Debug|Any CPU
		{7280C988-6B14-FCD7-0382-136ED68FF5F7}.Release|Any CPU.ActiveCfg = Release|Any CPU
		{7280C988-6B14-FCD7-0382-136ED68FF5F7}.Release|Any CPU.Build.0 = Release|Any CPU
		{A0C1C582-2183-F7CA-3B9B-F2A4173C998F}.Debug|Any CPU.ActiveCfg = Debug|Any CPU
		{A0C1C582-2183-F7CA-3B9B-F2A4173C998F}.Debug|Any CPU.Build.0 = Debug|Any CPU
		{A0C1C582-2183-F7CA-3B9B-F2A4173C998F}.Release|Any CPU.ActiveCfg = Release|Any CPU
		{A0C1C582-2183-F7CA-3B9B-F2A4173C998F}.Release|Any CPU.Build.0 = Release|Any CPU
		{8C3B230A-0F66-3C50-5707-F8309EA4F882}.Debug|Any CPU.ActiveCfg = Debug|Any CPU
		{8C3B230A-0F66-3C50-5707-F8309EA4F882}.Debug|Any CPU.Build.0 = Debug|Any CPU
		{8C3B230A-0F66-3C50-5707-F8309EA4F882}.Release|Any CPU.ActiveCfg = Release|Any CPU
		{8C3B230A-0F66-3C50-5707-F8309EA4F882}.Release|Any CPU.Build.0 = Release|Any CPU
		{83436FB7-DAB7-6454-D67F-964EC514DC0A}.Debug|Any CPU.ActiveCfg = Debug|Any CPU
		{83436FB7-DAB7-6454-D67F-964EC514DC0A}.Debug|Any CPU.Build.0 = Debug|Any CPU
		{83436FB7-DAB7-6454-D67F-964EC514DC0A}.Release|Any CPU.ActiveCfg = Release|Any CPU
		{83436FB7-DAB7-6454-D67F-964EC514DC0A}.Release|Any CPU.Build.0 = Release|Any CPU
		{6BE880AC-5562-7A7C-2A7B-3C39C10B78A5}.Debug|Any CPU.ActiveCfg = Debug|Any CPU
		{6BE880AC-5562-7A7C-2A7B-3C39C10B78A5}.Debug|Any CPU.Build.0 = Debug|Any CPU
		{6BE880AC-5562-7A7C-2A7B-3C39C10B78A5}.Release|Any CPU.ActiveCfg = Release|Any CPU
		{6BE880AC-5562-7A7C-2A7B-3C39C10B78A5}.Release|Any CPU.Build.0 = Release|Any CPU
		{8B0D81F4-161F-DDFC-5F6C-2D76A065F8EF}.Debug|Any CPU.ActiveCfg = Debug|Any CPU
		{8B0D81F4-161F-DDFC-5F6C-2D76A065F8EF}.Debug|Any CPU.Build.0 = Debug|Any CPU
		{8B0D81F4-161F-DDFC-5F6C-2D76A065F8EF}.Release|Any CPU.ActiveCfg = Release|Any CPU
		{8B0D81F4-161F-DDFC-5F6C-2D76A065F8EF}.Release|Any CPU.Build.0 = Release|Any CPU
		{37784D2F-89D8-4436-5820-3DD7F254DAE6}.Debug|Any CPU.ActiveCfg = Debug|Any CPU
		{37784D2F-89D8-4436-5820-3DD7F254DAE6}.Debug|Any CPU.Build.0 = Debug|Any CPU
		{37784D2F-89D8-4436-5820-3DD7F254DAE6}.Release|Any CPU.ActiveCfg = Release|Any CPU
		{37784D2F-89D8-4436-5820-3DD7F254DAE6}.Release|Any CPU.Build.0 = Release|Any CPU
		{85E766CA-0347-3B8D-1A98-C0DC47899E39}.Debug|Any CPU.ActiveCfg = Debug|Any CPU
		{85E766CA-0347-3B8D-1A98-C0DC47899E39}.Debug|Any CPU.Build.0 = Debug|Any CPU
		{85E766CA-0347-3B8D-1A98-C0DC47899E39}.Release|Any CPU.ActiveCfg = Release|Any CPU
		{85E766CA-0347-3B8D-1A98-C0DC47899E39}.Release|Any CPU.Build.0 = Release|Any CPU
		{F379359E-F5CA-F92A-465E-DDEC936C894E}.Debug|Any CPU.ActiveCfg = Debug|Any CPU
		{F379359E-F5CA-F92A-465E-DDEC936C894E}.Debug|Any CPU.Build.0 = Debug|Any CPU
		{F379359E-F5CA-F92A-465E-DDEC936C894E}.Release|Any CPU.ActiveCfg = Release|Any CPU
		{F379359E-F5CA-F92A-465E-DDEC936C894E}.Release|Any CPU.Build.0 = Release|Any CPU
		{A40BB558-026A-005E-96B3-79189BFB79C1}.Debug|Any CPU.ActiveCfg = Debug|Any CPU
		{A40BB558-026A-005E-96B3-79189BFB79C1}.Debug|Any CPU.Build.0 = Debug|Any CPU
		{A40BB558-026A-005E-96B3-79189BFB79C1}.Release|Any CPU.ActiveCfg = Release|Any CPU
		{A40BB558-026A-005E-96B3-79189BFB79C1}.Release|Any CPU.Build.0 = Release|Any CPU
		{7F876AA0-FB45-CD3D-21B1-3BC593B27647}.Debug|Any CPU.ActiveCfg = Debug|Any CPU
		{7F876AA0-FB45-CD3D-21B1-3BC593B27647}.Debug|Any CPU.Build.0 = Debug|Any CPU
		{7F876AA0-FB45-CD3D-21B1-3BC593B27647}.Release|Any CPU.ActiveCfg = Release|Any CPU
		{7F876AA0-FB45-CD3D-21B1-3BC593B27647}.Release|Any CPU.Build.0 = Release|Any CPU
		{05594BDA-2388-56D8-53AF-C3B9F06DBB4D}.Debug|Any CPU.ActiveCfg = Debug|Any CPU
		{05594BDA-2388-56D8-53AF-C3B9F06DBB4D}.Debug|Any CPU.Build.0 = Debug|Any CPU
		{05594BDA-2388-56D8-53AF-C3B9F06DBB4D}.Release|Any CPU.ActiveCfg = Release|Any CPU
		{05594BDA-2388-56D8-53AF-C3B9F06DBB4D}.Release|Any CPU.Build.0 = Release|Any CPU
		{42A30419-C467-5E10-C71D-852493D156A6}.Debug|Any CPU.ActiveCfg = Debug|Any CPU
		{42A30419-C467-5E10-C71D-852493D156A6}.Debug|Any CPU.Build.0 = Debug|Any CPU
		{42A30419-C467-5E10-C71D-852493D156A6}.Release|Any CPU.ActiveCfg = Release|Any CPU
		{42A30419-C467-5E10-C71D-852493D156A6}.Release|Any CPU.Build.0 = Release|Any CPU
		{4740E139-6420-C0C5-BA3B-1166A03BA985}.Debug|Any CPU.ActiveCfg = Debug|Any CPU
		{4740E139-6420-C0C5-BA3B-1166A03BA985}.Debug|Any CPU.Build.0 = Debug|Any CPU
		{4740E139-6420-C0C5-BA3B-1166A03BA985}.Release|Any CPU.ActiveCfg = Release|Any CPU
		{4740E139-6420-C0C5-BA3B-1166A03BA985}.Release|Any CPU.Build.0 = Release|Any CPU
		{ADAE0C5A-DC0F-A677-ECF3-C1A86398D94E}.Debug|Any CPU.ActiveCfg = Debug|Any CPU
		{ADAE0C5A-DC0F-A677-ECF3-C1A86398D94E}.Debug|Any CPU.Build.0 = Debug|Any CPU
		{ADAE0C5A-DC0F-A677-ECF3-C1A86398D94E}.Release|Any CPU.ActiveCfg = Release|Any CPU
		{ADAE0C5A-DC0F-A677-ECF3-C1A86398D94E}.Release|Any CPU.Build.0 = Release|Any CPU
		{6EC99BE4-E434-FBF1-AF6B-1EEDAD86FCA3}.Debug|Any CPU.ActiveCfg = Debug|Any CPU
		{6EC99BE4-E434-FBF1-AF6B-1EEDAD86FCA3}.Debug|Any CPU.Build.0 = Debug|Any CPU
		{6EC99BE4-E434-FBF1-AF6B-1EEDAD86FCA3}.Release|Any CPU.ActiveCfg = Release|Any CPU
		{6EC99BE4-E434-FBF1-AF6B-1EEDAD86FCA3}.Release|Any CPU.Build.0 = Release|Any CPU
		{FA5B14A9-77CE-09E7-940F-7004579A4526}.Debug|Any CPU.ActiveCfg = Debug|Any CPU
		{FA5B14A9-77CE-09E7-940F-7004579A4526}.Debug|Any CPU.Build.0 = Debug|Any CPU
		{FA5B14A9-77CE-09E7-940F-7004579A4526}.Release|Any CPU.ActiveCfg = Release|Any CPU
		{FA5B14A9-77CE-09E7-940F-7004579A4526}.Release|Any CPU.Build.0 = Release|Any CPU
		{B3478D88-FC59-EFAE-AE74-9EB2B1923669}.Debug|Any CPU.ActiveCfg = Debug|Any CPU
		{B3478D88-FC59-EFAE-AE74-9EB2B1923669}.Debug|Any CPU.Build.0 = Debug|Any CPU
		{B3478D88-FC59-EFAE-AE74-9EB2B1923669}.Release|Any CPU.ActiveCfg = Release|Any CPU
		{B3478D88-FC59-EFAE-AE74-9EB2B1923669}.Release|Any CPU.Build.0 = Release|Any CPU
		{34105BD4-7585-C77A-B799-9743EC834EE5}.Debug|Any CPU.ActiveCfg = Debug|Any CPU
		{34105BD4-7585-C77A-B799-9743EC834EE5}.Debug|Any CPU.Build.0 = Debug|Any CPU
		{34105BD4-7585-C77A-B799-9743EC834EE5}.Release|Any CPU.ActiveCfg = Release|Any CPU
		{34105BD4-7585-C77A-B799-9743EC834EE5}.Release|Any CPU.Build.0 = Release|Any CPU
		{2586B3FA-7F56-0B15-C6B2-2DAE38FFE940}.Debug|Any CPU.ActiveCfg = Debug|Any CPU
		{2586B3FA-7F56-0B15-C6B2-2DAE38FFE940}.Debug|Any CPU.Build.0 = Debug|Any CPU
		{2586B3FA-7F56-0B15-C6B2-2DAE38FFE940}.Release|Any CPU.ActiveCfg = Release|Any CPU
		{2586B3FA-7F56-0B15-C6B2-2DAE38FFE940}.Release|Any CPU.Build.0 = Release|Any CPU
		{8E9A3735-0557-4076-B322-D58A92341BC5}.Debug|Any CPU.ActiveCfg = Debug|Any CPU
		{8E9A3735-0557-4076-B322-D58A92341BC5}.Debug|Any CPU.Build.0 = Debug|Any CPU
		{8E9A3735-0557-4076-B322-D58A92341BC5}.Release|Any CPU.ActiveCfg = Release|Any CPU
		{8E9A3735-0557-4076-B322-D58A92341BC5}.Release|Any CPU.Build.0 = Release|Any CPU
		{52DA3605-1EF8-6B84-6821-83BBD6AD690C}.Debug|Any CPU.ActiveCfg = Debug|Any CPU
		{52DA3605-1EF8-6B84-6821-83BBD6AD690C}.Debug|Any CPU.Build.0 = Debug|Any CPU
		{52DA3605-1EF8-6B84-6821-83BBD6AD690C}.Release|Any CPU.ActiveCfg = Release|Any CPU
		{52DA3605-1EF8-6B84-6821-83BBD6AD690C}.Release|Any CPU.Build.0 = Release|Any CPU
		{E88E14AD-23BF-0133-4590-34E5E55F235A}.Debug|Any CPU.ActiveCfg = Debug|Any CPU
		{E88E14AD-23BF-0133-4590-34E5E55F235A}.Debug|Any CPU.Build.0 = Debug|Any CPU
		{E88E14AD-23BF-0133-4590-34E5E55F235A}.Release|Any CPU.ActiveCfg = Release|Any CPU
		{E88E14AD-23BF-0133-4590-34E5E55F235A}.Release|Any CPU.Build.0 = Release|Any CPU
		{7B233365-87FD-F2C1-0572-F41A44D60464}.Debug|Any CPU.ActiveCfg = Debug|Any CPU
		{7B233365-87FD-F2C1-0572-F41A44D60464}.Debug|Any CPU.Build.0 = Debug|Any CPU
		{7B233365-87FD-F2C1-0572-F41A44D60464}.Release|Any CPU.ActiveCfg = Release|Any CPU
		{7B233365-87FD-F2C1-0572-F41A44D60464}.Release|Any CPU.Build.0 = Release|Any CPU
		{78D3C546-B09A-A61C-7A76-5504CCA5DD8F}.Debug|Any CPU.ActiveCfg = Debug|Any CPU
		{78D3C546-B09A-A61C-7A76-5504CCA5DD8F}.Debug|Any CPU.Build.0 = Debug|Any CPU
		{78D3C546-B09A-A61C-7A76-5504CCA5DD8F}.Release|Any CPU.ActiveCfg = Release|Any CPU
		{78D3C546-B09A-A61C-7A76-5504CCA5DD8F}.Release|Any CPU.Build.0 = Release|Any CPU
		{6BE14C5C-88D5-5B3B-00CC-32FA4D215AB2}.Debug|Any CPU.ActiveCfg = Debug|Any CPU
		{6BE14C5C-88D5-5B3B-00CC-32FA4D215AB2}.Debug|Any CPU.Build.0 = Debug|Any CPU
		{6BE14C5C-88D5-5B3B-00CC-32FA4D215AB2}.Release|Any CPU.ActiveCfg = Release|Any CPU
		{6BE14C5C-88D5-5B3B-00CC-32FA4D215AB2}.Release|Any CPU.Build.0 = Release|Any CPU
		{6BE85FB9-C4C5-B687-FBCD-3EE8F2909603}.Debug|Any CPU.ActiveCfg = Debug|Any CPU
		{6BE85FB9-C4C5-B687-FBCD-3EE8F2909603}.Debug|Any CPU.Build.0 = Debug|Any CPU
		{6BE85FB9-C4C5-B687-FBCD-3EE8F2909603}.Release|Any CPU.ActiveCfg = Release|Any CPU
		{6BE85FB9-C4C5-B687-FBCD-3EE8F2909603}.Release|Any CPU.Build.0 = Release|Any CPU
		{27128AE3-0608-A181-0B78-B70F8D80AA3F}.Debug|Any CPU.ActiveCfg = Debug|Any CPU
		{27128AE3-0608-A181-0B78-B70F8D80AA3F}.Debug|Any CPU.Build.0 = Debug|Any CPU
		{27128AE3-0608-A181-0B78-B70F8D80AA3F}.Release|Any CPU.ActiveCfg = Release|Any CPU
		{27128AE3-0608-A181-0B78-B70F8D80AA3F}.Release|Any CPU.Build.0 = Release|Any CPU
		{BD7B6753-A4BF-C1F4-D848-247CD347725B}.Debug|Any CPU.ActiveCfg = Debug|Any CPU
		{BD7B6753-A4BF-C1F4-D848-247CD347725B}.Debug|Any CPU.Build.0 = Debug|Any CPU
		{BD7B6753-A4BF-C1F4-D848-247CD347725B}.Release|Any CPU.ActiveCfg = Release|Any CPU
		{BD7B6753-A4BF-C1F4-D848-247CD347725B}.Release|Any CPU.Build.0 = Release|Any CPU
		{DA237404-4A3F-F4E4-C492-B95C1745BF87}.Debug|Any CPU.ActiveCfg = Debug|Any CPU
		{DA237404-4A3F-F4E4-C492-B95C1745BF87}.Debug|Any CPU.Build.0 = Debug|Any CPU
		{DA237404-4A3F-F4E4-C492-B95C1745BF87}.Release|Any CPU.ActiveCfg = Release|Any CPU
		{DA237404-4A3F-F4E4-C492-B95C1745BF87}.Release|Any CPU.Build.0 = Release|Any CPU
		{47024E62-74E7-2CB8-0BA8-268461614579}.Debug|Any CPU.ActiveCfg = Debug|Any CPU
		{47024E62-74E7-2CB8-0BA8-268461614579}.Debug|Any CPU.Build.0 = Debug|Any CPU
		{47024E62-74E7-2CB8-0BA8-268461614579}.Release|Any CPU.ActiveCfg = Release|Any CPU
		{47024E62-74E7-2CB8-0BA8-268461614579}.Release|Any CPU.Build.0 = Release|Any CPU
		{5F871410-67FC-EC69-99BC-118EA3F41397}.Debug|Any CPU.ActiveCfg = Debug|Any CPU
		{5F871410-67FC-EC69-99BC-118EA3F41397}.Debug|Any CPU.Build.0 = Debug|Any CPU
		{5F871410-67FC-EC69-99BC-118EA3F41397}.Release|Any CPU.ActiveCfg = Release|Any CPU
		{5F871410-67FC-EC69-99BC-118EA3F41397}.Release|Any CPU.Build.0 = Release|Any CPU
		{9E9C7AF4-64C9-906A-3634-33BFB4AEE6B6}.Debug|Any CPU.ActiveCfg = Debug|Any CPU
		{9E9C7AF4-64C9-906A-3634-33BFB4AEE6B6}.Debug|Any CPU.Build.0 = Debug|Any CPU
		{9E9C7AF4-64C9-906A-3634-33BFB4AEE6B6}.Release|Any CPU.ActiveCfg = Release|Any CPU
		{9E9C7AF4-64C9-906A-3634-33BFB4AEE6B6}.Release|Any CPU.Build.0 = Release|Any CPU
		{A22EF10B-911C-F44C-ED19-F7D32F0163E0}.Debug|Any CPU.ActiveCfg = Debug|Any CPU
		{A22EF10B-911C-F44C-ED19-F7D32F0163E0}.Debug|Any CPU.Build.0 = Debug|Any CPU
		{A22EF10B-911C-F44C-ED19-F7D32F0163E0}.Release|Any CPU.ActiveCfg = Release|Any CPU
		{A22EF10B-911C-F44C-ED19-F7D32F0163E0}.Release|Any CPU.Build.0 = Release|Any CPU
		{6EC14AB4-9531-01E6-201E-C931CBD316FE}.Debug|Any CPU.ActiveCfg = Debug|Any CPU
		{6EC14AB4-9531-01E6-201E-C931CBD316FE}.Debug|Any CPU.Build.0 = Debug|Any CPU
		{6EC14AB4-9531-01E6-201E-C931CBD316FE}.Release|Any CPU.ActiveCfg = Release|Any CPU
		{6EC14AB4-9531-01E6-201E-C931CBD316FE}.Release|Any CPU.Build.0 = Release|Any CPU
		{C8B3B8C8-BBB8-F4CE-0898-D36F17168F7B}.Debug|Any CPU.ActiveCfg = Debug|Any CPU
		{C8B3B8C8-BBB8-F4CE-0898-D36F17168F7B}.Debug|Any CPU.Build.0 = Debug|Any CPU
		{C8B3B8C8-BBB8-F4CE-0898-D36F17168F7B}.Release|Any CPU.ActiveCfg = Release|Any CPU
		{C8B3B8C8-BBB8-F4CE-0898-D36F17168F7B}.Release|Any CPU.Build.0 = Release|Any CPU
		{33A891B4-6E1F-1B92-A061-22E6DFE3063C}.Debug|Any CPU.ActiveCfg = Debug|Any CPU
		{33A891B4-6E1F-1B92-A061-22E6DFE3063C}.Debug|Any CPU.Build.0 = Debug|Any CPU
		{33A891B4-6E1F-1B92-A061-22E6DFE3063C}.Release|Any CPU.ActiveCfg = Release|Any CPU
		{33A891B4-6E1F-1B92-A061-22E6DFE3063C}.Release|Any CPU.Build.0 = Release|Any CPU
		{D6CEF346-8F45-B01D-8AD9-F58724A67665}.Debug|Any CPU.ActiveCfg = Debug|Any CPU
		{D6CEF346-8F45-B01D-8AD9-F58724A67665}.Debug|Any CPU.Build.0 = Debug|Any CPU
		{D6CEF346-8F45-B01D-8AD9-F58724A67665}.Release|Any CPU.ActiveCfg = Release|Any CPU
		{D6CEF346-8F45-B01D-8AD9-F58724A67665}.Release|Any CPU.Build.0 = Release|Any CPU
		{21D94C26-4C4E-E273-4102-6152F548C8CD}.Debug|Any CPU.ActiveCfg = Debug|Any CPU
		{21D94C26-4C4E-E273-4102-6152F548C8CD}.Debug|Any CPU.Build.0 = Debug|Any CPU
		{21D94C26-4C4E-E273-4102-6152F548C8CD}.Release|Any CPU.ActiveCfg = Release|Any CPU
		{21D94C26-4C4E-E273-4102-6152F548C8CD}.Release|Any CPU.Build.0 = Release|Any CPU
		{6B0D86C3-9247-C236-9947-724B904DFE60}.Debug|Any CPU.ActiveCfg = Debug|Any CPU
		{6B0D86C3-9247-C236-9947-724B904DFE60}.Debug|Any CPU.Build.0 = Debug|Any CPU
		{6B0D86C3-9247-C236-9947-724B904DFE60}.Release|Any CPU.ActiveCfg = Release|Any CPU
		{6B0D86C3-9247-C236-9947-724B904DFE60}.Release|Any CPU.Build.0 = Release|Any CPU
		{702EA7E0-CA78-9A17-D537-C65684A31EBF}.Debug|Any CPU.ActiveCfg = Debug|Any CPU
		{702EA7E0-CA78-9A17-D537-C65684A31EBF}.Debug|Any CPU.Build.0 = Debug|Any CPU
		{702EA7E0-CA78-9A17-D537-C65684A31EBF}.Release|Any CPU.ActiveCfg = Release|Any CPU
		{702EA7E0-CA78-9A17-D537-C65684A31EBF}.Release|Any CPU.Build.0 = Release|Any CPU
		{6772579D-1B0F-50DD-EDB0-74E078AD9479}.Debug|Any CPU.ActiveCfg = Debug|Any CPU
		{6772579D-1B0F-50DD-EDB0-74E078AD9479}.Debug|Any CPU.Build.0 = Debug|Any CPU
		{6772579D-1B0F-50DD-EDB0-74E078AD9479}.Release|Any CPU.ActiveCfg = Release|Any CPU
		{6772579D-1B0F-50DD-EDB0-74E078AD9479}.Release|Any CPU.Build.0 = Release|Any CPU
		{894B0D0B-D0D6-556E-FA14-890E51684DCD}.Debug|Any CPU.ActiveCfg = Debug|Any CPU
		{894B0D0B-D0D6-556E-FA14-890E51684DCD}.Debug|Any CPU.Build.0 = Debug|Any CPU
		{894B0D0B-D0D6-556E-FA14-890E51684DCD}.Release|Any CPU.ActiveCfg = Release|Any CPU
		{894B0D0B-D0D6-556E-FA14-890E51684DCD}.Release|Any CPU.Build.0 = Release|Any CPU
		{431BC4B0-7DF2-049F-5A95-DB0FA075BDDE}.Debug|Any CPU.ActiveCfg = Debug|Any CPU
		{431BC4B0-7DF2-049F-5A95-DB0FA075BDDE}.Debug|Any CPU.Build.0 = Debug|Any CPU
		{431BC4B0-7DF2-049F-5A95-DB0FA075BDDE}.Release|Any CPU.ActiveCfg = Release|Any CPU
		{431BC4B0-7DF2-049F-5A95-DB0FA075BDDE}.Release|Any CPU.Build.0 = Release|Any CPU
		{1AF99546-4B2C-A170-2864-D738EF0D12DC}.Debug|Any CPU.ActiveCfg = Debug|Any CPU
		{1AF99546-4B2C-A170-2864-D738EF0D12DC}.Debug|Any CPU.Build.0 = Debug|Any CPU
		{1AF99546-4B2C-A170-2864-D738EF0D12DC}.Release|Any CPU.ActiveCfg = Release|Any CPU
		{1AF99546-4B2C-A170-2864-D738EF0D12DC}.Release|Any CPU.Build.0 = Release|Any CPU
		{0C8E5FAA-D577-0678-BE8C-AC5BB365B864}.Debug|Any CPU.ActiveCfg = Debug|Any CPU
		{0C8E5FAA-D577-0678-BE8C-AC5BB365B864}.Debug|Any CPU.Build.0 = Debug|Any CPU
		{0C8E5FAA-D577-0678-BE8C-AC5BB365B864}.Release|Any CPU.ActiveCfg = Release|Any CPU
		{0C8E5FAA-D577-0678-BE8C-AC5BB365B864}.Release|Any CPU.Build.0 = Release|Any CPU
		{83B68F02-A6DE-3937-711B-63D5376BCE73}.Debug|Any CPU.ActiveCfg = Debug|Any CPU
		{83B68F02-A6DE-3937-711B-63D5376BCE73}.Debug|Any CPU.Build.0 = Debug|Any CPU
		{83B68F02-A6DE-3937-711B-63D5376BCE73}.Release|Any CPU.ActiveCfg = Release|Any CPU
		{83B68F02-A6DE-3937-711B-63D5376BCE73}.Release|Any CPU.Build.0 = Release|Any CPU
		{C288B8C4-F8D5-EE9F-F351-211621D0A516}.Debug|Any CPU.ActiveCfg = Debug|Any CPU
		{C288B8C4-F8D5-EE9F-F351-211621D0A516}.Debug|Any CPU.Build.0 = Debug|Any CPU
		{C288B8C4-F8D5-EE9F-F351-211621D0A516}.Release|Any CPU.ActiveCfg = Release|Any CPU
		{C288B8C4-F8D5-EE9F-F351-211621D0A516}.Release|Any CPU.Build.0 = Release|Any CPU
		{92DC19EC-6DB6-A839-3D70-F328FB93B02D}.Debug|Any CPU.ActiveCfg = Debug|Any CPU
		{92DC19EC-6DB6-A839-3D70-F328FB93B02D}.Debug|Any CPU.Build.0 = Debug|Any CPU
		{92DC19EC-6DB6-A839-3D70-F328FB93B02D}.Release|Any CPU.ActiveCfg = Release|Any CPU
		{92DC19EC-6DB6-A839-3D70-F328FB93B02D}.Release|Any CPU.Build.0 = Release|Any CPU
		{68691F44-EC03-E321-3F38-F2EFB156AC32}.Debug|Any CPU.ActiveCfg = Debug|Any CPU
		{68691F44-EC03-E321-3F38-F2EFB156AC32}.Debug|Any CPU.Build.0 = Debug|Any CPU
		{68691F44-EC03-E321-3F38-F2EFB156AC32}.Release|Any CPU.ActiveCfg = Release|Any CPU
		{68691F44-EC03-E321-3F38-F2EFB156AC32}.Release|Any CPU.Build.0 = Release|Any CPU
		{0DD007A9-F40B-102E-FA87-516176A28F4C}.Debug|Any CPU.ActiveCfg = Debug|Any CPU
		{0DD007A9-F40B-102E-FA87-516176A28F4C}.Debug|Any CPU.Build.0 = Debug|Any CPU
		{0DD007A9-F40B-102E-FA87-516176A28F4C}.Release|Any CPU.ActiveCfg = Release|Any CPU
		{0DD007A9-F40B-102E-FA87-516176A28F4C}.Release|Any CPU.Build.0 = Release|Any CPU
		{AB1E1550-FD97-684B-45BB-E0D361191350}.Debug|Any CPU.ActiveCfg = Debug|Any CPU
		{AB1E1550-FD97-684B-45BB-E0D361191350}.Debug|Any CPU.Build.0 = Debug|Any CPU
		{AB1E1550-FD97-684B-45BB-E0D361191350}.Release|Any CPU.ActiveCfg = Release|Any CPU
		{AB1E1550-FD97-684B-45BB-E0D361191350}.Release|Any CPU.Build.0 = Release|Any CPU
		{BCEEE2A4-65C8-FAA4-5888-789197266482}.Debug|Any CPU.ActiveCfg = Debug|Any CPU
		{BCEEE2A4-65C8-FAA4-5888-789197266482}.Debug|Any CPU.Build.0 = Debug|Any CPU
		{BCEEE2A4-65C8-FAA4-5888-789197266482}.Release|Any CPU.ActiveCfg = Release|Any CPU
		{BCEEE2A4-65C8-FAA4-5888-789197266482}.Release|Any CPU.Build.0 = Release|Any CPU
		{E439DFF4-CD1F-783C-459B-E975583DA53E}.Debug|Any CPU.ActiveCfg = Debug|Any CPU
		{E439DFF4-CD1F-783C-459B-E975583DA53E}.Debug|Any CPU.Build.0 = Debug|Any CPU
		{E439DFF4-CD1F-783C-459B-E975583DA53E}.Release|Any CPU.ActiveCfg = Release|Any CPU
		{E439DFF4-CD1F-783C-459B-E975583DA53E}.Release|Any CPU.Build.0 = Release|Any CPU
		{FFD5DFB0-6197-14E8-7959-AE7884EE0F9F}.Debug|Any CPU.ActiveCfg = Debug|Any CPU
		{FFD5DFB0-6197-14E8-7959-AE7884EE0F9F}.Debug|Any CPU.Build.0 = Debug|Any CPU
		{FFD5DFB0-6197-14E8-7959-AE7884EE0F9F}.Release|Any CPU.ActiveCfg = Release|Any CPU
		{FFD5DFB0-6197-14E8-7959-AE7884EE0F9F}.Release|Any CPU.Build.0 = Release|Any CPU
		{2F94B8A0-EC78-7F06-F0D0-0BB6CB0E4C7B}.Debug|Any CPU.ActiveCfg = Debug|Any CPU
		{2F94B8A0-EC78-7F06-F0D0-0BB6CB0E4C7B}.Debug|Any CPU.Build.0 = Debug|Any CPU
		{2F94B8A0-EC78-7F06-F0D0-0BB6CB0E4C7B}.Release|Any CPU.ActiveCfg = Release|Any CPU
		{2F94B8A0-EC78-7F06-F0D0-0BB6CB0E4C7B}.Release|Any CPU.Build.0 = Release|Any CPU
		{9D90995D-EA40-774F-5CAF-CB940076FA52}.Debug|Any CPU.ActiveCfg = Debug|Any CPU
		{9D90995D-EA40-774F-5CAF-CB940076FA52}.Debug|Any CPU.Build.0 = Debug|Any CPU
		{9D90995D-EA40-774F-5CAF-CB940076FA52}.Release|Any CPU.ActiveCfg = Release|Any CPU
		{9D90995D-EA40-774F-5CAF-CB940076FA52}.Release|Any CPU.Build.0 = Release|Any CPU
		{8AADE012-34C2-3E2F-1657-20AEC0133FE1}.Debug|Any CPU.ActiveCfg = Debug|Any CPU
		{8AADE012-34C2-3E2F-1657-20AEC0133FE1}.Debug|Any CPU.Build.0 = Debug|Any CPU
		{8AADE012-34C2-3E2F-1657-20AEC0133FE1}.Release|Any CPU.ActiveCfg = Release|Any CPU
		{8AADE012-34C2-3E2F-1657-20AEC0133FE1}.Release|Any CPU.Build.0 = Release|Any CPU
		{DCC94E33-55A3-E9D4-3FF4-F2A255C9230F}.Debug|Any CPU.ActiveCfg = Debug|Any CPU
		{DCC94E33-55A3-E9D4-3FF4-F2A255C9230F}.Debug|Any CPU.Build.0 = Debug|Any CPU
		{DCC94E33-55A3-E9D4-3FF4-F2A255C9230F}.Release|Any CPU.ActiveCfg = Release|Any CPU
		{DCC94E33-55A3-E9D4-3FF4-F2A255C9230F}.Release|Any CPU.Build.0 = Release|Any CPU
		{1DBBFC04-EA73-F95B-58CB-2284D53A4602}.Debug|Any CPU.ActiveCfg = Debug|Any CPU
		{1DBBFC04-EA73-F95B-58CB-2284D53A4602}.Debug|Any CPU.Build.0 = Debug|Any CPU
		{1DBBFC04-EA73-F95B-58CB-2284D53A4602}.Release|Any CPU.ActiveCfg = Release|Any CPU
		{1DBBFC04-EA73-F95B-58CB-2284D53A4602}.Release|Any CPU.Build.0 = Release|Any CPU
		{1B59769F-05EC-036C-96BC-9FEE363CBE37}.Debug|Any CPU.ActiveCfg = Debug|Any CPU
		{1B59769F-05EC-036C-96BC-9FEE363CBE37}.Debug|Any CPU.Build.0 = Debug|Any CPU
		{1B59769F-05EC-036C-96BC-9FEE363CBE37}.Release|Any CPU.ActiveCfg = Release|Any CPU
		{1B59769F-05EC-036C-96BC-9FEE363CBE37}.Release|Any CPU.Build.0 = Release|Any CPU
		{2C4D2290-F462-1B19-37B7-2247F2DA362A}.Debug|Any CPU.ActiveCfg = Debug|Any CPU
		{2C4D2290-F462-1B19-37B7-2247F2DA362A}.Debug|Any CPU.Build.0 = Debug|Any CPU
		{2C4D2290-F462-1B19-37B7-2247F2DA362A}.Release|Any CPU.ActiveCfg = Release|Any CPU
		{2C4D2290-F462-1B19-37B7-2247F2DA362A}.Release|Any CPU.Build.0 = Release|Any CPU
	EndGlobalSection
	GlobalSection(SolutionProperties) = preSolution
		HideSolutionNode = FALSE
	EndGlobalSection
EndGlobal
