
Microsoft Visual Studio Solution File, Format Version 12.00
# Visual Studio 15
Project("{FAE04EC0-301F-11D3-BF4B-00C04F79EFBC}") = "Unity.Timeline", "Unity.Timeline.csproj", "{97E35316-8E29-336E-9676-2DDC4F919442}"
EndProject
Project("{FAE04EC0-301F-11D3-BF4B-00C04F79EFBC}") = "Unity.RenderPipelines.GPUDriven.Runtime", "Unity.RenderPipelines.GPUDriven.Runtime.csproj", "{9FB113A0-7A3E-1851-7368-326325F7AA95}"
EndProject
Project("{FAE04EC0-301F-11D3-BF4B-00C04F79EFBC}") = "Unity.PlasticSCM.Editor", "Unity.PlasticSCM.Editor.csproj", "{60EFE131-BEE1-376D-F506-F7BE398B42DB}"
EndProject
Project("{FAE04EC0-301F-11D3-BF4B-00C04F79EFBC}") = "Unity.ShaderGraph.Editor", "Unity.ShaderGraph.Editor.csproj", "{140241AE-0202-6A84-A265-1DC65EED3EB1}"
EndProject
Project("{FAE04EC0-301F-11D3-BF4B-00C04F79EFBC}") = "Unity.ProBuilder", "Unity.ProBuilder.csproj", "{614B4C11-7702-20B4-0491-8570C655F7F7}"
EndProject
Project("{FAE04EC0-301F-11D3-BF4B-00C04F79EFBC}") = "Unity.RenderPipelines.Core.Runtime", "Unity.RenderPipelines.Core.Runtime.csproj", "{467FA3E5-6EB8-1F4C-FEF9-3E134522981A}"
EndProject
Project("{FAE04EC0-301F-11D3-BF4B-00C04F79EFBC}") = "Unity.ScriptableBuildPipeline.Editor", "Unity.ScriptableBuildPipeline.Editor.csproj", "{9B8F421A-9DCB-EE76-4366-54B4521297D2}"
EndProject
Project("{FAE04EC0-301F-11D3-BF4B-00C04F79EFBC}") = "Unity.Mathematics", "Unity.Mathematics.csproj", "{9BBAC060-253D-7125-B9C3-7C56101A96BB}"
EndProject
Project("{FAE04EC0-301F-11D3-BF4B-00C04F79EFBC}") = "Unity.Timeline.Editor", "Unity.Timeline.Editor.csproj", "{7142BE43-F75F-8B74-4F16-D1C36AB594F9}"
EndProject
Project("{FAE04EC0-301F-11D3-BF4B-00C04F79EFBC}") = "Unity.Cinemachine.Editor", "Unity.Cinemachine.Editor.csproj", "{A602AE24-222F-B6F9-0612-E4696801B8E3}"
EndProject
Project("{FAE04EC0-301F-11D3-BF4B-00C04F79EFBC}") = "Unity.Multiplayer.Center.Editor", "Unity.Multiplayer.Center.Editor.csproj", "{25F675CF-921D-EF59-C0E6-605B3EBC0EC9}"
EndProject
Project("{FAE04EC0-301F-11D3-BF4B-00C04F79EFBC}") = "Unity.Collections", "Unity.Collections.csproj", "{31FBDA07-5F7B-B99A-1967-3D844D320FBF}"
EndProject
Project("{FAE04EC0-301F-11D3-BF4B-00C04F79EFBC}") = "UnityEngine.UI", "UnityEngine.UI.csproj", "{C4C5AD98-2160-FDAA-5447-B5C78D0E15F6}"
EndProject
Project("{FAE04EC0-301F-11D3-BF4B-00C04F79EFBC}") = "Unity.RenderPipelines.Core.Editor", "Unity.RenderPipelines.Core.Editor.csproj", "{A38610D8-9AAF-1C6A-3C17-FDE13C91629C}"
EndProject
Project("{FAE04EC0-301F-11D3-BF4B-00C04F79EFBC}") = "Unity.RenderPipelines.Universal.2D.Runtime", "Unity.RenderPipelines.Universal.2D.Runtime.csproj", "{09AF8A22-934F-A22C-5C1A-5C71588B5B25}"
EndProject
Project("{FAE04EC0-301F-11D3-BF4B-00C04F79EFBC}") = "Unity.ProBuilder.Poly2Tri", "Unity.ProBuilder.Poly2Tri.csproj", "{87FB8203-B8A0-E377-3316-0D49A88C5696}"
EndProject
Project("{FAE04EC0-301F-11D3-BF4B-00C04F79EFBC}") = "Unity.Entities.UI.Editor", "Unity.Entities.UI.Editor.csproj", "{CEBC2006-7D05-FDCA-9379-072AD390BAAF}"
EndProject
Project("{FAE04EC0-301F-11D3-BF4B-00C04F79EFBC}") = "Unity.VisualScripting.Core.Editor", "Unity.VisualScripting.Core.Editor.csproj", "{EA270F0E-3DBF-9856-F023-5C04CFDCDEC1}"
EndProject
Project("{FAE04EC0-301F-11D3-BF4B-00C04F79EFBC}") = "Unity.RenderPipelines.Universal.Editor", "Unity.RenderPipelines.Universal.Editor.csproj", "{A16836FF-5D5F-65EA-B6FA-06C9760FB4A8}"
EndProject
Project("{FAE04EC0-301F-11D3-BF4B-00C04F79EFBC}") = "Unity.PerformanceTesting.Editor", "Unity.PerformanceTesting.Editor.csproj", "{15D3ACC9-9BB3-DF25-91F0-D8F7D64451E2}"
EndProject
Project("{FAE04EC0-301F-11D3-BF4B-00C04F79EFBC}") = "UnityEngine.TestRunner", "UnityEngine.TestRunner.csproj", "{C2F39456-F176-7C6C-3883-0D4D6CCFA605}"
EndProject
Project("{FAE04EC0-301F-11D3-BF4B-00C04F79EFBC}") = "Unity.Splines", "Unity.Splines.csproj", "{906A483A-98EC-4E52-6F3E-F6F432636611}"
EndProject
Project("{FAE04EC0-301F-11D3-BF4B-00C04F79EFBC}") = "Unity.Burst", "Unity.Burst.csproj", "{BA7F38C1-B748-6C04-293A-A8C86B3E5FD9}"
EndProject
Project("{FAE04EC0-301F-11D3-BF4B-00C04F79EFBC}") = "Unity.VisualScripting.Flow.Editor", "Unity.VisualScripting.Flow.Editor.csproj", "{086B3D11-43C3-53A0-9398-1DBC0DF8A742}"
EndProject
Project("{FAE04EC0-301F-11D3-BF4B-00C04F79EFBC}") = "Unity.ProBuilder.Csg", "Unity.ProBuilder.Csg.csproj", "{CF202921-6D8C-DD83-7AE3-94002A142A94}"
EndProject
Project("{FAE04EC0-301F-11D3-BF4B-00C04F79EFBC}") = "Unity.VisualStudio.Editor", "Unity.VisualStudio.Editor.csproj", "{B26114D2-C623-3B20-5873-380A2F0383BB}"
EndProject
Project("{FAE04EC0-301F-11D3-BF4B-00C04F79EFBC}") = "Unity.InputSystem", "Unity.InputSystem.csproj", "{6D81DC3B-DEEF-677D-6635-15A22AE98291}"
EndProject
Project("{FAE04EC0-301F-11D3-BF4B-00C04F79EFBC}") = "Unity.Entities", "Unity.Entities.csproj", "{63708A67-6DE0-404D-4F58-4BFF7FCA4D8D}"
EndProject
Project("{FAE04EC0-301F-11D3-BF4B-00C04F79EFBC}") = "Unity.Scenes", "Unity.Scenes.csproj", "{CABD19A3-8746-1A67-F7B9-B9B8D3B639CF}"
EndProject
Project("{FAE04EC0-301F-11D3-BF4B-00C04F79EFBC}") = "PPv2URPConverters", "PPv2URPConverters.csproj", "{2D30D5F7-CFC5-4D96-C3D1-198B4C42D895}"
EndProject
Project("{FAE04EC0-301F-11D3-BF4B-00C04F79EFBC}") = "Unity.Entities.Editor", "Unity.Entities.Editor.csproj", "{0BB55EB4-E96C-3D02-B552-5E5EF47089D8}"
EndProject
Project("{FAE04EC0-301F-11D3-BF4B-00C04F79EFBC}") = "Unity.Searcher.Editor", "Unity.Searcher.Editor.csproj", "{7280C988-6B14-FCD7-0382-136ED68FF5F7}"
EndProject
Project("{FAE04EC0-301F-11D3-BF4B-00C04F79EFBC}") = "Unity.InternalAPIEngineBridge.002", "Unity.InternalAPIEngineBridge.002.csproj", "{A0C1C582-2183-F7CA-3B9B-F2A4173C998F}"
EndProject
Project("{FAE04EC0-301F-11D3-BF4B-00C04F79EFBC}") = "Unity.ProBuilder.Editor", "Unity.ProBuilder.Editor.csproj", "{8C3B230A-0F66-3C50-5707-F8309EA4F882}"
EndProject
Project("{FAE04EC0-301F-11D3-BF4B-00C04F79EFBC}") = "UnityEditor.TestRunner", "UnityEditor.TestRunner.csproj", "{1459D79E-5FEF-7954-AEE5-1631DA31BB17}"
EndProject
Project("{FAE04EC0-301F-11D3-BF4B-00C04F79EFBC}") = "Unity.VisualScripting.Core", "Unity.VisualScripting.Core.csproj", "{8B0D81F4-161F-DDFC-5F6C-2D76A065F8EF}"
EndProject
Project("{FAE04EC0-301F-11D3-BF4B-00C04F79EFBC}") = "Unity.RenderPipelines.Universal.Runtime", "Unity.RenderPipelines.Universal.Runtime.csproj", "{938390AC-2242-64D9-3AFF-D1706DC6C890}"
EndProject
Project("{FAE04EC0-301F-11D3-BF4B-00C04F79EFBC}") = "Unity.CollabProxy.Editor", "Unity.CollabProxy.Editor.csproj", "{85E766CA-0347-3B8D-1A98-C0DC47899E39}"
EndProject
Project("{FAE04EC0-301F-11D3-BF4B-00C04F79EFBC}") = "Unity.VisualScripting.State.Editor", "Unity.VisualScripting.State.Editor.csproj", "{A40BB558-026A-005E-96B3-79189BFB79C1}"
EndProject
Project("{FAE04EC0-301F-11D3-BF4B-00C04F79EFBC}") = "Unity.Burst.CodeGen", "Unity.Burst.CodeGen.csproj", "{05594BDA-2388-56D8-53AF-C3B9F06DBB4D}"
EndProject
Project("{FAE04EC0-301F-11D3-BF4B-00C04F79EFBC}") = "Unity.Cinemachine", "Unity.Cinemachine.csproj", "{42A30419-C467-5E10-C71D-852493D156A6}"
EndProject
Project("{FAE04EC0-301F-11D3-BF4B-00C04F79EFBC}") = "Unity.VisualScripting.Flow", "Unity.VisualScripting.Flow.csproj", "{ADAE0C5A-DC0F-A677-ECF3-C1A86398D94E}"
EndProject
Project("{FAE04EC0-301F-11D3-BF4B-00C04F79EFBC}") = "Unity.Splines.Editor", "Unity.Splines.Editor.csproj", "{6EC99BE4-E434-FBF1-AF6B-1EEDAD86FCA3}"
EndProject
Project("{FAE04EC0-301F-11D3-BF4B-00C04F79EFBC}") = "Unity.Entities.Hybrid", "Unity.Entities.Hybrid.csproj", "{FA5B14A9-77CE-09E7-940F-7004579A4526}"
EndProject
Project("{FAE04EC0-301F-11D3-BF4B-00C04F79EFBC}") = "Unity.PerformanceTesting", "Unity.PerformanceTesting.csproj", "{B3478D88-FC59-EFAE-AE74-9EB2B1923669}"
EndProject
Project("{FAE04EC0-301F-11D3-BF4B-00C04F79EFBC}") = "Unity.Scenes.Editor", "Unity.Scenes.Editor.csproj", "{2586B3FA-7F56-0B15-C6B2-2DAE38FFE940}"
EndProject
Project("{FAE04EC0-301F-11D3-BF4B-00C04F79EFBC}") = "TestLabAssembly", "TestLabAssembly.csproj", "{7A7A5277-E935-A027-3BA0-7880B0763FAD}"
EndProject
Project("{FAE04EC0-301F-11D3-BF4B-00C04F79EFBC}") = "Unity.TextMeshPro", "Unity.TextMeshPro.csproj", "{BA1C1023-7373-A754-1981-5EDFD6C003F1}"
EndProject
Project("{FAE04EC0-301F-11D3-BF4B-00C04F79EFBC}") = "Unity.TextMeshPro.Editor", "Unity.TextMeshPro.Editor.csproj", "{CF426AF5-EC5A-84CF-91AC-AA9F38F8DB50}"
EndProject
Project("{FAE04EC0-301F-11D3-BF4B-00C04F79EFBC}") = "Unity.Rendering.LightTransport.Runtime", "Unity.Rendering.LightTransport.Runtime.csproj", "{EA9448C2-2BE2-9ACC-9A42-6323638F7C4A}"
EndProject
Project("{FAE04EC0-301F-11D3-BF4B-00C04F79EFBC}") = "Unity.Serialization", "Unity.Serialization.csproj", "{52DA3605-1EF8-6B84-6821-83BBD6AD690C}"
EndProject
Project("{FAE04EC0-301F-11D3-BF4B-00C04F79EFBC}") = "Unity.Burst.Editor", "Unity.Burst.Editor.csproj", "{E88E14AD-23BF-0133-4590-34E5E55F235A}"
EndProject
Project("{FAE04EC0-301F-11D3-BF4B-00C04F79EFBC}") = "Unity.Rider.Editor", "Unity.Rider.Editor.csproj", "{7B233365-87FD-F2C1-0572-F41A44D60464}"
EndProject
Project("{FAE04EC0-301F-11D3-BF4B-00C04F79EFBC}") = "Unity.VisualScripting.State", "Unity.VisualScripting.State.csproj", "{78D3C546-B09A-A61C-7A76-5504CCA5DD8F}"
EndProject
Project("{FAE04EC0-301F-11D3-BF4B-00C04F79EFBC}") = "Unity.InternalAPIEditorBridge.002", "Unity.InternalAPIEditorBridge.002.csproj", "{6BE14C5C-88D5-5B3B-00CC-32FA4D215AB2}"
EndProject
Project("{FAE04EC0-301F-11D3-BF4B-00C04F79EFBC}") = "Unity.Entities.CodeGen", "Unity.Entities.CodeGen.csproj", "{6BE85FB9-C4C5-B687-FBCD-3EE8F2909603}"
EndProject
Project("{FAE04EC0-301F-11D3-BF4B-00C04F79EFBC}") = "UnityEditor.UI", "UnityEditor.UI.csproj", "{4B54D95F-543B-4994-7BDE-47FB5FDA74E8}"
EndProject
Project("{FAE04EC0-301F-11D3-BF4B-00C04F79EFBC}") = "Unity.Entities.Editor.Properties", "Unity.Entities.Editor.Properties.csproj", "{27128AE3-0608-A181-0B78-B70F8D80AA3F}"
EndProject
Project("{FAE04EC0-301F-11D3-BF4B-00C04F79EFBC}") = "Unity.Multiplayer.Center.Common", "Unity.Multiplayer.Center.Common.csproj", "{DB5FB38D-1A5C-8E2A-6E85-A7B354AC1E8D}"
EndProject
Project("{FAE04EC0-301F-11D3-BF4B-00C04F79EFBC}") = "Unity.ProBuilder.KdTree", "Unity.ProBuilder.KdTree.csproj", "{DA237404-4A3F-F4E4-C492-B95C1745BF87}"
EndProject
Project("{FAE04EC0-301F-11D3-BF4B-00C04F79EFBC}") = "Unity.ProBuilder.AddOns.Editor", "Unity.ProBuilder.AddOns.Editor.csproj", "{47024E62-74E7-2CB8-0BA8-268461614579}"
EndProject
Project("{FAE04EC0-301F-11D3-BF4B-00C04F79EFBC}") = "Unity.InputSystem.ForUI", "Unity.InputSystem.ForUI.csproj", "{5F871410-67FC-EC69-99BC-118EA3F41397}"
EndProject
Project("{FAE04EC0-301F-11D3-BF4B-00C04F79EFBC}") = "Unity.Collections.CodeGen", "Unity.Collections.CodeGen.csproj", "{9E9C7AF4-64C9-906A-3634-33BFB4AEE6B6}"
EndProject
Project("{FAE04EC0-301F-11D3-BF4B-00C04F79EFBC}") = "Unity.Entities.Hybrid.HybridComponents", "Unity.Entities.Hybrid.HybridComponents.csproj", "{C8B3B8C8-BBB8-F4CE-0898-D36F17168F7B}"
EndProject
Project("{FAE04EC0-301F-11D3-BF4B-00C04F79EFBC}") = "Unity.Mathematics.Editor", "Unity.Mathematics.Editor.csproj", "{33A891B4-6E1F-1B92-A061-22E6DFE3063C}"
EndProject
Project("{FAE04EC0-301F-11D3-BF4B-00C04F79EFBC}") = "Unity.VisualScripting.SettingsProvider.Editor", "Unity.VisualScripting.SettingsProvider.Editor.csproj", "{D6CEF346-8F45-B01D-8AD9-F58724A67665}"
EndProject
Project("{FAE04EC0-301F-11D3-BF4B-00C04F79EFBC}") = "Unity.Entities.UI", "Unity.Entities.UI.csproj", "{21D94C26-4C4E-E273-4102-6152F548C8CD}"
EndProject
Project("{FAE04EC0-301F-11D3-BF4B-00C04F79EFBC}") = "Assembly-CSharp-Editor", "Assembly-CSharp-Editor.csproj", "{DCC94E33-55A3-E9D4-3FF4-F2A255C9230F}"
EndProject
Project("{FAE04EC0-301F-11D3-BF4B-00C04F79EFBC}") = "Unity.ProBuilder.AssetIdRemapUtility", "Unity.ProBuilder.AssetIdRemapUtility.csproj", "{6B0D86C3-9247-C236-9947-724B904DFE60}"
EndProject
Project("{FAE04EC0-301F-11D3-BF4B-00C04F79EFBC}") = "Unity.Transforms", "Unity.Transforms.csproj", "{702EA7E0-CA78-9A17-D537-C65684A31EBF}"
EndProject
Project("{FAE04EC0-301F-11D3-BF4B-00C04F79EFBC}") = "Unity.Settings.Editor", "Unity.Settings.Editor.csproj", "{6772579D-1B0F-50DD-EDB0-74E078AD9479}"
EndProject
Project("{FAE04EC0-301F-11D3-BF4B-00C04F79EFBC}") = "Unity.Entities.Build", "Unity.Entities.Build.csproj", "{894B0D0B-D0D6-556E-FA14-890E51684DCD}"
EndProject
Project("{FAE04EC0-301F-11D3-BF4B-00C04F79EFBC}") = "Unity.InputSystem.TestFramework", "Unity.InputSystem.TestFramework.csproj", "{431BC4B0-7DF2-049F-5A95-DB0FA075BDDE}"
EndProject
Project("{FAE04EC0-301F-11D3-BF4B-00C04F79EFBC}") = "Unity.ShaderGraph.Utilities", "Unity.ShaderGraph.Utilities.csproj", "{95DCBD46-573C-6573-D73E-9D7B656D8A4E}"
EndProject
Project("{FAE04EC0-301F-11D3-BF4B-00C04F79EFBC}") = "Unity.VisualScripting.Shared.Editor", "Unity.VisualScripting.Shared.Editor.csproj", "{1AF99546-4B2C-A170-2864-D738EF0D12DC}"
EndProject
Project("{FAE04EC0-301F-11D3-BF4B-00C04F79EFBC}") = "Unity.Profiling.Core", "Unity.Profiling.Core.csproj", "{0C8E5FAA-D577-0678-BE8C-AC5BB365B864}"
EndProject
Project("{FAE04EC0-301F-11D3-BF4B-00C04F79EFBC}") = "Unity.RenderPipeline.Universal.ShaderLibrary", "Unity.RenderPipeline.Universal.ShaderLibrary.csproj", "{07FE973A-08B2-9752-B071-74235675CACD}"
EndProject
Project("{FAE04EC0-301F-11D3-BF4B-00C04F79EFBC}") = "Unity.Core.Editor", "Unity.Core.Editor.csproj", "{92DC19EC-6DB6-A839-3D70-F328FB93B02D}"
EndProject
Project("{FAE04EC0-301F-11D3-BF4B-00C04F79EFBC}") = "Unity.Mathematics.Extensions", "Unity.Mathematics.Extensions.csproj", "{68691F44-EC03-E321-3F38-F2EFB156AC32}"
EndProject
Project("{FAE04EC0-301F-11D3-BF4B-00C04F79EFBC}") = "Unity.Transforms.Hybrid", "Unity.Transforms.Hybrid.csproj", "{AB1E1550-FD97-684B-45BB-E0D361191350}"
EndProject
Project("{FAE04EC0-301F-11D3-BF4B-00C04F79EFBC}") = "Unity.Serialization.Editor", "Unity.Serialization.Editor.csproj", "{BCEEE2A4-65C8-FAA4-5888-789197266482}"
EndProject
Project("{FAE04EC0-301F-11D3-BF4B-00C04F79EFBC}") = "Unity.Rendering.LightTransport.Editor", "Unity.Rendering.LightTransport.Editor.csproj", "{8149856B-C11A-1BEF-19DB-490A813B4A55}"
EndProject
Project("{FAE04EC0-301F-11D3-BF4B-00C04F79EFBC}") = "Unity.InputSystem.DocCodeSamples", "Unity.InputSystem.DocCodeSamples.csproj", "{E439DFF4-CD1F-783C-459B-E975583DA53E}"
EndProject
Project("{FAE04EC0-301F-11D3-BF4B-00C04F79EFBC}") = "Unity.RenderPipelines.Universal.Shaders", "Unity.RenderPipelines.Universal.Shaders.csproj", "{EF2C40F9-ABC8-3135-B9C9-BD68659E8254}"
EndProject
Project("{FAE04EC0-301F-11D3-BF4B-00C04F79EFBC}") = "Unity.RenderPipelines.Core.Runtime.Shared", "Unity.RenderPipelines.Core.Runtime.Shared.csproj", "{6FBF3EA9-0858-50B9-926F-0FC3D3CE5F61}"
EndProject
Project("{FAE04EC0-301F-11D3-BF4B-00C04F79EFBC}") = "Unity.ProBuilder.Stl", "Unity.ProBuilder.Stl.csproj", "{FFD5DFB0-6197-14E8-7959-AE7884EE0F9F}"
EndProject
Project("{FAE04EC0-301F-11D3-BF4B-00C04F79EFBC}") = "Unity.Deformations", "Unity.Deformations.csproj", "{9D90995D-EA40-774F-5CAF-CB940076FA52}"
EndProject
Project("{FAE04EC0-301F-11D3-BF4B-00C04F79EFBC}") = "Assembly-CSharp", "Assembly-CSharp.csproj", "{83B68F02-A6DE-3937-711B-63D5376BCE73}"
EndProject
Project("{FAE04EC0-301F-11D3-BF4B-00C04F79EFBC}") = "Unity.Mathematics.Extensions.Hybrid", "Unity.Mathematics.Extensions.Hybrid.csproj", "{8AADE012-34C2-3E2F-1657-20AEC0133FE1}"
EndProject
Project("{FAE04EC0-301F-11D3-BF4B-00C04F79EFBC}") = "Unity.ScriptableBuildPipeline", "Unity.ScriptableBuildPipeline.csproj", "{1DBBFC04-EA73-F95B-58CB-2284D53A4602}"
EndProject
Project("{FAE04EC0-301F-11D3-BF4B-00C04F79EFBC}") = "Tests", "Tests.csproj", "{1B59769F-05EC-036C-96BC-9FEE363CBE37}"
EndProject
Project("{FAE04EC0-301F-11D3-BF4B-00C04F79EFBC}") = "Unity.Collections.Editor", "Unity.Collections.Editor.csproj", "{2C4D2290-F462-1B19-37B7-2247F2DA362A}"
EndProject
Project("{FAE04EC0-301F-11D3-BF4B-00C04F79EFBC}") = "Unity.RenderPipelines.Universal.Config.Runtime", "Unity.RenderPipelines.Universal.Config.Runtime.csproj", "{A97DBFA9-002D-170C-9F24-A04969E6C9B9}"
EndProject
Project("{FAE04EC0-301F-11D3-BF4B-00C04F79EFBC}") = "Unity.RenderPipelines.ShaderGraph.ShaderGraphLibrary", "Unity.RenderPipelines.ShaderGraph.ShaderGraphLibrary.csproj", "{BDAC7457-1D5D-3B6D-232F-1583E972A00A}"
EndProject
Project("{FAE04EC0-301F-11D3-BF4B-00C04F79EFBC}") = "Unity.RenderPipelines.Core.ShaderLibrary", "Unity.RenderPipelines.Core.ShaderLibrary.csproj", "{64FD59BC-5416-1D79-1575-FF731BB78FC8}"
EndProject
Project("{FAE04EC0-301F-11D3-BF4B-00C04F79EFBC}") = "Unity.RenderPipelines.Core.Editor.Shared", "Unity.RenderPipelines.Core.Editor.Shared.csproj", "{531B2A41-C090-6E6C-84C1-E7D17E1BE14D}"
EndProject
Global
	GlobalSection(SolutionConfigurationPlatforms) = preSolution
		Debug|Any CPU = Debug|Any CPU
		Release|Any CPU = Release|Any CPU
	EndGlobalSection
	GlobalSection(ProjectConfigurationPlatforms) = postSolution
		{97E35316-8E29-336E-9676-2DDC4F919442}.Debug|Any CPU.ActiveCfg = Debug|Any CPU
		{97E35316-8E29-336E-9676-2DDC4F919442}.Debug|Any CPU.Build.0 = Debug|Any CPU
		{97E35316-8E29-336E-9676-2DDC4F919442}.Release|Any CPU.ActiveCfg = Release|Any CPU
		{97E35316-8E29-336E-9676-2DDC4F919442}.Release|Any CPU.Build.0 = Release|Any CPU
		{9FB113A0-7A3E-1851-7368-326325F7AA95}.Debug|Any CPU.ActiveCfg = Debug|Any CPU
		{9FB113A0-7A3E-1851-7368-326325F7AA95}.Debug|Any CPU.Build.0 = Debug|Any CPU
		{9FB113A0-7A3E-1851-7368-326325F7AA95}.Release|Any CPU.ActiveCfg = Release|Any CPU
		{9FB113A0-7A3E-1851-7368-326325F7AA95}.Release|Any CPU.Build.0 = Release|Any CPU
		{60EFE131-BEE1-376D-F506-F7BE398B42DB}.Debug|Any CPU.ActiveCfg = Debug|Any CPU
		{60EFE131-BEE1-376D-F506-F7BE398B42DB}.Debug|Any CPU.Build.0 = Debug|Any CPU
		{60EFE131-BEE1-376D-F506-F7BE398B42DB}.Release|Any CPU.ActiveCfg = Release|Any CPU
		{60EFE131-BEE1-376D-F506-F7BE398B42DB}.Release|Any CPU.Build.0 = Release|Any CPU
		{140241AE-0202-6A84-A265-1DC65EED3EB1}.Debug|Any CPU.ActiveCfg = Debug|Any CPU
		{140241AE-0202-6A84-A265-1DC65EED3EB1}.Debug|Any CPU.Build.0 = Debug|Any CPU
		{140241AE-0202-6A84-A265-1DC65EED3EB1}.Release|Any CPU.ActiveCfg = Release|Any CPU
		{140241AE-0202-6A84-A265-1DC65EED3EB1}.Release|Any CPU.Build.0 = Release|Any CPU
		{614B4C11-7702-20B4-0491-8570C655F7F7}.Debug|Any CPU.ActiveCfg = Debug|Any CPU
		{614B4C11-7702-20B4-0491-8570C655F7F7}.Debug|Any CPU.Build.0 = Debug|Any CPU
		{614B4C11-7702-20B4-0491-8570C655F7F7}.Release|Any CPU.ActiveCfg = Release|Any CPU
		{614B4C11-7702-20B4-0491-8570C655F7F7}.Release|Any CPU.Build.0 = Release|Any CPU
		{467FA3E5-6EB8-1F4C-FEF9-3E134522981A}.Debug|Any CPU.ActiveCfg = Debug|Any CPU
		{467FA3E5-6EB8-1F4C-FEF9-3E134522981A}.Debug|Any CPU.Build.0 = Debug|Any CPU
		{467FA3E5-6EB8-1F4C-FEF9-3E134522981A}.Release|Any CPU.ActiveCfg = Release|Any CPU
		{467FA3E5-6EB8-1F4C-FEF9-3E134522981A}.Release|Any CPU.Build.0 = Release|Any CPU
		{9B8F421A-9DCB-EE76-4366-54B4521297D2}.Debug|Any CPU.ActiveCfg = Debug|Any CPU
		{9B8F421A-9DCB-EE76-4366-54B4521297D2}.Debug|Any CPU.Build.0 = Debug|Any CPU
		{9B8F421A-9DCB-EE76-4366-54B4521297D2}.Release|Any CPU.ActiveCfg = Release|Any CPU
		{9B8F421A-9DCB-EE76-4366-54B4521297D2}.Release|Any CPU.Build.0 = Release|Any CPU
		{9BBAC060-253D-7125-B9C3-7C56101A96BB}.Debug|Any CPU.ActiveCfg = Debug|Any CPU
		{9BBAC060-253D-7125-B9C3-7C56101A96BB}.Debug|Any CPU.Build.0 = Debug|Any CPU
		{9BBAC060-253D-7125-B9C3-7C56101A96BB}.Release|Any CPU.ActiveCfg = Release|Any CPU
		{9BBAC060-253D-7125-B9C3-7C56101A96BB}.Release|Any CPU.Build.0 = Release|Any CPU
		{7142BE43-F75F-8B74-4F16-D1C36AB594F9}.Debug|Any CPU.ActiveCfg = Debug|Any CPU
		{7142BE43-F75F-8B74-4F16-D1C36AB594F9}.Debug|Any CPU.Build.0 = Debug|Any CPU
		{7142BE43-F75F-8B74-4F16-D1C36AB594F9}.Release|Any CPU.ActiveCfg = Release|Any CPU
		{7142BE43-F75F-8B74-4F16-D1C36AB594F9}.Release|Any CPU.Build.0 = Release|Any CPU
		{A602AE24-222F-B6F9-0612-E4696801B8E3}.Debug|Any CPU.ActiveCfg = Debug|Any CPU
		{A602AE24-222F-B6F9-0612-E4696801B8E3}.Debug|Any CPU.Build.0 = Debug|Any CPU
		{A602AE24-222F-B6F9-0612-E4696801B8E3}.Release|Any CPU.ActiveCfg = Release|Any CPU
		{A602AE24-222F-B6F9-0612-E4696801B8E3}.Release|Any CPU.Build.0 = Release|Any CPU
		{25F675CF-921D-EF59-C0E6-605B3EBC0EC9}.Debug|Any CPU.ActiveCfg = Debug|Any CPU
		{25F675CF-921D-EF59-C0E6-605B3EBC0EC9}.Debug|Any CPU.Build.0 = Debug|Any CPU
		{25F675CF-921D-EF59-C0E6-605B3EBC0EC9}.Release|Any CPU.ActiveCfg = Release|Any CPU
		{25F675CF-921D-EF59-C0E6-605B3EBC0EC9}.Release|Any CPU.Build.0 = Release|Any CPU
		{31FBDA07-5F7B-B99A-1967-3D844D320FBF}.Debug|Any CPU.ActiveCfg = Debug|Any CPU
		{31FBDA07-5F7B-B99A-1967-3D844D320FBF}.Debug|Any CPU.Build.0 = Debug|Any CPU
		{31FBDA07-5F7B-B99A-1967-3D844D320FBF}.Release|Any CPU.ActiveCfg = Release|Any CPU
		{31FBDA07-5F7B-B99A-1967-3D844D320FBF}.Release|Any CPU.Build.0 = Release|Any CPU
		{C4C5AD98-2160-FDAA-5447-B5C78D0E15F6}.Debug|Any CPU.ActiveCfg = Debug|Any CPU
		{C4C5AD98-2160-FDAA-5447-B5C78D0E15F6}.Debug|Any CPU.Build.0 = Debug|Any CPU
		{C4C5AD98-2160-FDAA-5447-B5C78D0E15F6}.Release|Any CPU.ActiveCfg = Release|Any CPU
		{C4C5AD98-2160-FDAA-5447-B5C78D0E15F6}.Release|Any CPU.Build.0 = Release|Any CPU
		{A38610D8-9AAF-1C6A-3C17-FDE13C91629C}.Debug|Any CPU.ActiveCfg = Debug|Any CPU
		{A38610D8-9AAF-1C6A-3C17-FDE13C91629C}.Debug|Any CPU.Build.0 = Debug|Any CPU
		{A38610D8-9AAF-1C6A-3C17-FDE13C91629C}.Release|Any CPU.ActiveCfg = Release|Any CPU
		{A38610D8-9AAF-1C6A-3C17-FDE13C91629C}.Release|Any CPU.Build.0 = Release|Any CPU
		{09AF8A22-934F-A22C-5C1A-5C71588B5B25}.Debug|Any CPU.ActiveCfg = Debug|Any CPU
		{09AF8A22-934F-A22C-5C1A-5C71588B5B25}.Debug|Any CPU.Build.0 = Debug|Any CPU
		{09AF8A22-934F-A22C-5C1A-5C71588B5B25}.Release|Any CPU.ActiveCfg = Release|Any CPU
		{09AF8A22-934F-A22C-5C1A-5C71588B5B25}.Release|Any CPU.Build.0 = Release|Any CPU
		{87FB8203-B8A0-E377-3316-0D49A88C5696}.Debug|Any CPU.ActiveCfg = Debug|Any CPU
		{87FB8203-B8A0-E377-3316-0D49A88C5696}.Debug|Any CPU.Build.0 = Debug|Any CPU
		{87FB8203-B8A0-E377-3316-0D49A88C5696}.Release|Any CPU.ActiveCfg = Release|Any CPU
		{87FB8203-B8A0-E377-3316-0D49A88C5696}.Release|Any CPU.Build.0 = Release|Any CPU
		{CEBC2006-7D05-FDCA-9379-072AD390BAAF}.Debug|Any CPU.ActiveCfg = Debug|Any CPU
		{CEBC2006-7D05-FDCA-9379-072AD390BAAF}.Debug|Any CPU.Build.0 = Debug|Any CPU
		{CEBC2006-7D05-FDCA-9379-072AD390BAAF}.Release|Any CPU.ActiveCfg = Release|Any CPU
		{CEBC2006-7D05-FDCA-9379-072AD390BAAF}.Release|Any CPU.Build.0 = Release|Any CPU
		{EA270F0E-3DBF-9856-F023-5C04CFDCDEC1}.Debug|Any CPU.ActiveCfg = Debug|Any CPU
		{EA270F0E-3DBF-9856-F023-5C04CFDCDEC1}.Debug|Any CPU.Build.0 = Debug|Any CPU
		{EA270F0E-3DBF-9856-F023-5C04CFDCDEC1}.Release|Any CPU.ActiveCfg = Release|Any CPU
		{EA270F0E-3DBF-9856-F023-5C04CFDCDEC1}.Release|Any CPU.Build.0 = Release|Any CPU
		{A16836FF-5D5F-65EA-B6FA-06C9760FB4A8}.Debug|Any CPU.ActiveCfg = Debug|Any CPU
		{A16836FF-5D5F-65EA-B6FA-06C9760FB4A8}.Debug|Any CPU.Build.0 = Debug|Any CPU
		{A16836FF-5D5F-65EA-B6FA-06C9760FB4A8}.Release|Any CPU.ActiveCfg = Release|Any CPU
		{A16836FF-5D5F-65EA-B6FA-06C9760FB4A8}.Release|Any CPU.Build.0 = Release|Any CPU
		{15D3ACC9-9BB3-DF25-91F0-D8F7D64451E2}.Debug|Any CPU.ActiveCfg = Debug|Any CPU
		{15D3ACC9-9BB3-DF25-91F0-D8F7D64451E2}.Debug|Any CPU.Build.0 = Debug|Any CPU
		{15D3ACC9-9BB3-DF25-91F0-D8F7D64451E2}.Release|Any CPU.ActiveCfg = Release|Any CPU
		{15D3ACC9-9BB3-DF25-91F0-D8F7D64451E2}.Release|Any CPU.Build.0 = Release|Any CPU
		{C2F39456-F176-7C6C-3883-0D4D6CCFA605}.Debug|Any CPU.ActiveCfg = Debug|Any CPU
		{C2F39456-F176-7C6C-3883-0D4D6CCFA605}.Debug|Any CPU.Build.0 = Debug|Any CPU
		{C2F39456-F176-7C6C-3883-0D4D6CCFA605}.Release|Any CPU.ActiveCfg = Release|Any CPU
		{C2F39456-F176-7C6C-3883-0D4D6CCFA605}.Release|Any CPU.Build.0 = Release|Any CPU
		{906A483A-98EC-4E52-6F3E-F6F432636611}.Debug|Any CPU.ActiveCfg = Debug|Any CPU
		{906A483A-98EC-4E52-6F3E-F6F432636611}.Debug|Any CPU.Build.0 = Debug|Any CPU
		{906A483A-98EC-4E52-6F3E-F6F432636611}.Release|Any CPU.ActiveCfg = Release|Any CPU
		{906A483A-98EC-4E52-6F3E-F6F432636611}.Release|Any CPU.Build.0 = Release|Any CPU
		{BA7F38C1-B748-6C04-293A-A8C86B3E5FD9}.Debug|Any CPU.ActiveCfg = Debug|Any CPU
		{BA7F38C1-B748-6C04-293A-A8C86B3E5FD9}.Debug|Any CPU.Build.0 = Debug|Any CPU
		{BA7F38C1-B748-6C04-293A-A8C86B3E5FD9}.Release|Any CPU.ActiveCfg = Release|Any CPU
		{BA7F38C1-B748-6C04-293A-A8C86B3E5FD9}.Release|Any CPU.Build.0 = Release|Any CPU
		{086B3D11-43C3-53A0-9398-1DBC0DF8A742}.Debug|Any CPU.ActiveCfg = Debug|Any CPU
		{086B3D11-43C3-53A0-9398-1DBC0DF8A742}.Debug|Any CPU.Build.0 = Debug|Any CPU
		{086B3D11-43C3-53A0-9398-1DBC0DF8A742}.Release|Any CPU.ActiveCfg = Release|Any CPU
		{086B3D11-43C3-53A0-9398-1DBC0DF8A742}.Release|Any CPU.Build.0 = Release|Any CPU
		{CF202921-6D8C-DD83-7AE3-94002A142A94}.Debug|Any CPU.ActiveCfg = Debug|Any CPU
		{CF202921-6D8C-DD83-7AE3-94002A142A94}.Debug|Any CPU.Build.0 = Debug|Any CPU
		{CF202921-6D8C-DD83-7AE3-94002A142A94}.Release|Any CPU.ActiveCfg = Release|Any CPU
		{CF202921-6D8C-DD83-7AE3-94002A142A94}.Release|Any CPU.Build.0 = Release|Any CPU
		{B26114D2-C623-3B20-5873-380A2F0383BB}.Debug|Any CPU.ActiveCfg = Debug|Any CPU
		{B26114D2-C623-3B20-5873-380A2F0383BB}.Debug|Any CPU.Build.0 = Debug|Any CPU
		{B26114D2-C623-3B20-5873-380A2F0383BB}.Release|Any CPU.ActiveCfg = Release|Any CPU
		{B26114D2-C623-3B20-5873-380A2F0383BB}.Release|Any CPU.Build.0 = Release|Any CPU
		{6D81DC3B-DEEF-677D-6635-15A22AE98291}.Debug|Any CPU.ActiveCfg = Debug|Any CPU
		{6D81DC3B-DEEF-677D-6635-15A22AE98291}.Debug|Any CPU.Build.0 = Debug|Any CPU
		{6D81DC3B-DEEF-677D-6635-15A22AE98291}.Release|Any CPU.ActiveCfg = Release|Any CPU
		{6D81DC3B-DEEF-677D-6635-15A22AE98291}.Release|Any CPU.Build.0 = Release|Any CPU
		{63708A67-6DE0-404D-4F58-4BFF7FCA4D8D}.Debug|Any CPU.ActiveCfg = Debug|Any CPU
		{63708A67-6DE0-404D-4F58-4BFF7FCA4D8D}.Debug|Any CPU.Build.0 = Debug|Any CPU
		{63708A67-6DE0-404D-4F58-4BFF7FCA4D8D}.Release|Any CPU.ActiveCfg = Release|Any CPU
		{63708A67-6DE0-404D-4F58-4BFF7FCA4D8D}.Release|Any CPU.Build.0 = Release|Any CPU
		{CABD19A3-8746-1A67-F7B9-B9B8D3B639CF}.Debug|Any CPU.ActiveCfg = Debug|Any CPU
		{CABD19A3-8746-1A67-F7B9-B9B8D3B639CF}.Debug|Any CPU.Build.0 = Debug|Any CPU
		{CABD19A3-8746-1A67-F7B9-B9B8D3B639CF}.Release|Any CPU.ActiveCfg = Release|Any CPU
		{CABD19A3-8746-1A67-F7B9-B9B8D3B639CF}.Release|Any CPU.Build.0 = Release|Any CPU
		{2D30D5F7-CFC5-4D96-C3D1-198B4C42D895}.Debug|Any CPU.ActiveCfg = Debug|Any CPU
		{2D30D5F7-CFC5-4D96-C3D1-198B4C42D895}.Debug|Any CPU.Build.0 = Debug|Any CPU
		{2D30D5F7-CFC5-4D96-C3D1-198B4C42D895}.Release|Any CPU.ActiveCfg = Release|Any CPU
		{2D30D5F7-CFC5-4D96-C3D1-198B4C42D895}.Release|Any CPU.Build.0 = Release|Any CPU
		{0BB55EB4-E96C-3D02-B552-5E5EF47089D8}.Debug|Any CPU.ActiveCfg = Debug|Any CPU
		{0BB55EB4-E96C-3D02-B552-5E5EF47089D8}.Debug|Any CPU.Build.0 = Debug|Any CPU
		{0BB55EB4-E96C-3D02-B552-5E5EF47089D8}.Release|Any CPU.ActiveCfg = Release|Any CPU
		{0BB55EB4-E96C-3D02-B552-5E5EF47089D8}.Release|Any CPU.Build.0 = Release|Any CPU
		{7280C988-6B14-FCD7-0382-136ED68FF5F7}.Debug|Any CPU.ActiveCfg = Debug|Any CPU
		{7280C988-6B14-FCD7-0382-136ED68FF5F7}.Debug|Any CPU.Build.0 = Debug|Any CPU
		{7280C988-6B14-FCD7-0382-136ED68FF5F7}.Release|Any CPU.ActiveCfg = Release|Any CPU
		{7280C988-6B14-FCD7-0382-136ED68FF5F7}.Release|Any CPU.Build.0 = Release|Any CPU
		{A0C1C582-2183-F7CA-3B9B-F2A4173C998F}.Debug|Any CPU.ActiveCfg = Debug|Any CPU
		{A0C1C582-2183-F7CA-3B9B-F2A4173C998F}.Debug|Any CPU.Build.0 = Debug|Any CPU
		{A0C1C582-2183-F7CA-3B9B-F2A4173C998F}.Release|Any CPU.ActiveCfg = Release|Any CPU
		{A0C1C582-2183-F7CA-3B9B-F2A4173C998F}.Release|Any CPU.Build.0 = Release|Any CPU
		{8C3B230A-0F66-3C50-5707-F8309EA4F882}.Debug|Any CPU.ActiveCfg = Debug|Any CPU
		{8C3B230A-0F66-3C50-5707-F8309EA4F882}.Debug|Any CPU.Build.0 = Debug|Any CPU
		{8C3B230A-0F66-3C50-5707-F8309EA4F882}.Release|Any CPU.ActiveCfg = Release|Any CPU
		{8C3B230A-0F66-3C50-5707-F8309EA4F882}.Release|Any CPU.Build.0 = Release|Any CPU
		{1459D79E-5FEF-7954-AEE5-1631DA31BB17}.Debug|Any CPU.ActiveCfg = Debug|Any CPU
		{1459D79E-5FEF-7954-AEE5-1631DA31BB17}.Debug|Any CPU.Build.0 = Debug|Any CPU
		{1459D79E-5FEF-7954-AEE5-1631DA31BB17}.Release|Any CPU.ActiveCfg = Release|Any CPU
		{1459D79E-5FEF-7954-AEE5-1631DA31BB17}.Release|Any CPU.Build.0 = Release|Any CPU
		{8B0D81F4-161F-DDFC-5F6C-2D76A065F8EF}.Debug|Any CPU.ActiveCfg = Debug|Any CPU
		{8B0D81F4-161F-DDFC-5F6C-2D76A065F8EF}.Debug|Any CPU.Build.0 = Debug|Any CPU
		{8B0D81F4-161F-DDFC-5F6C-2D76A065F8EF}.Release|Any CPU.ActiveCfg = Release|Any CPU
		{8B0D81F4-161F-DDFC-5F6C-2D76A065F8EF}.Release|Any CPU.Build.0 = Release|Any CPU
		{938390AC-2242-64D9-3AFF-D1706DC6C890}.Debug|Any CPU.ActiveCfg = Debug|Any CPU
		{938390AC-2242-64D9-3AFF-D1706DC6C890}.Debug|Any CPU.Build.0 = Debug|Any CPU
		{938390AC-2242-64D9-3AFF-D1706DC6C890}.Release|Any CPU.ActiveCfg = Release|Any CPU
		{938390AC-2242-64D9-3AFF-D1706DC6C890}.Release|Any CPU.Build.0 = Release|Any CPU
		{85E766CA-0347-3B8D-1A98-C0DC47899E39}.Debug|Any CPU.ActiveCfg = Debug|Any CPU
		{85E766CA-0347-3B8D-1A98-C0DC47899E39}.Debug|Any CPU.Build.0 = Debug|Any CPU
		{85E766CA-0347-3B8D-1A98-C0DC47899E39}.Release|Any CPU.ActiveCfg = Release|Any CPU
		{85E766CA-0347-3B8D-1A98-C0DC47899E39}.Release|Any CPU.Build.0 = Release|Any CPU
		{A40BB558-026A-005E-96B3-79189BFB79C1}.Debug|Any CPU.ActiveCfg = Debug|Any CPU
		{A40BB558-026A-005E-96B3-79189BFB79C1}.Debug|Any CPU.Build.0 = Debug|Any CPU
		{A40BB558-026A-005E-96B3-79189BFB79C1}.Release|Any CPU.ActiveCfg = Release|Any CPU
		{A40BB558-026A-005E-96B3-79189BFB79C1}.Release|Any CPU.Build.0 = Release|Any CPU
		{05594BDA-2388-56D8-53AF-C3B9F06DBB4D}.Debug|Any CPU.ActiveCfg = Debug|Any CPU
		{05594BDA-2388-56D8-53AF-C3B9F06DBB4D}.Debug|Any CPU.Build.0 = Debug|Any CPU
		{05594BDA-2388-56D8-53AF-C3B9F06DBB4D}.Release|Any CPU.ActiveCfg = Release|Any CPU
		{05594BDA-2388-56D8-53AF-C3B9F06DBB4D}.Release|Any CPU.Build.0 = Release|Any CPU
		{42A30419-C467-5E10-C71D-852493D156A6}.Debug|Any CPU.ActiveCfg = Debug|Any CPU
		{42A30419-C467-5E10-C71D-852493D156A6}.Debug|Any CPU.Build.0 = Debug|Any CPU
		{42A30419-C467-5E10-C71D-852493D156A6}.Release|Any CPU.ActiveCfg = Release|Any CPU
		{42A30419-C467-5E10-C71D-852493D156A6}.Release|Any CPU.Build.0 = Release|Any CPU
		{ADAE0C5A-DC0F-A677-ECF3-C1A86398D94E}.Debug|Any CPU.ActiveCfg = Debug|Any CPU
		{ADAE0C5A-DC0F-A677-ECF3-C1A86398D94E}.Debug|Any CPU.Build.0 = Debug|Any CPU
		{ADAE0C5A-DC0F-A677-ECF3-C1A86398D94E}.Release|Any CPU.ActiveCfg = Release|Any CPU
		{ADAE0C5A-DC0F-A677-ECF3-C1A86398D94E}.Release|Any CPU.Build.0 = Release|Any CPU
		{6EC99BE4-E434-FBF1-AF6B-1EEDAD86FCA3}.Debug|Any CPU.ActiveCfg = Debug|Any CPU
		{6EC99BE4-E434-FBF1-AF6B-1EEDAD86FCA3}.Debug|Any CPU.Build.0 = Debug|Any CPU
		{6EC99BE4-E434-FBF1-AF6B-1EEDAD86FCA3}.Release|Any CPU.ActiveCfg = Release|Any CPU
		{6EC99BE4-E434-FBF1-AF6B-1EEDAD86FCA3}.Release|Any CPU.Build.0 = Release|Any CPU
		{FA5B14A9-77CE-09E7-940F-7004579A4526}.Debug|Any CPU.ActiveCfg = Debug|Any CPU
		{FA5B14A9-77CE-09E7-940F-7004579A4526}.Debug|Any CPU.Build.0 = Debug|Any CPU
		{FA5B14A9-77CE-09E7-940F-7004579A4526}.Release|Any CPU.ActiveCfg = Release|Any CPU
		{FA5B14A9-77CE-09E7-940F-7004579A4526}.Release|Any CPU.Build.0 = Release|Any CPU
		{B3478D88-FC59-EFAE-AE74-9EB2B1923669}.Debug|Any CPU.ActiveCfg = Debug|Any CPU
		{B3478D88-FC59-EFAE-AE74-9EB2B1923669}.Debug|Any CPU.Build.0 = Debug|Any CPU
		{B3478D88-FC59-EFAE-AE74-9EB2B1923669}.Release|Any CPU.ActiveCfg = Release|Any CPU
		{B3478D88-FC59-EFAE-AE74-9EB2B1923669}.Release|Any CPU.Build.0 = Release|Any CPU
		{2586B3FA-7F56-0B15-C6B2-2DAE38FFE940}.Debug|Any CPU.ActiveCfg = Debug|Any CPU
		{2586B3FA-7F56-0B15-C6B2-2DAE38FFE940}.Debug|Any CPU.Build.0 = Debug|Any CPU
		{2586B3FA-7F56-0B15-C6B2-2DAE38FFE940}.Release|Any CPU.ActiveCfg = Release|Any CPU
		{2586B3FA-7F56-0B15-C6B2-2DAE38FFE940}.Release|Any CPU.Build.0 = Release|Any CPU
		{7A7A5277-E935-A027-3BA0-7880B0763FAD}.Debug|Any CPU.ActiveCfg = Debug|Any CPU
		{7A7A5277-E935-A027-3BA0-7880B0763FAD}.Debug|Any CPU.Build.0 = Debug|Any CPU
		{7A7A5277-E935-A027-3BA0-7880B0763FAD}.Release|Any CPU.ActiveCfg = Release|Any CPU
		{7A7A5277-E935-A027-3BA0-7880B0763FAD}.Release|Any CPU.Build.0 = Release|Any CPU
		{BA1C1023-7373-A754-1981-5EDFD6C003F1}.Debug|Any CPU.ActiveCfg = Debug|Any CPU
		{BA1C1023-7373-A754-1981-5EDFD6C003F1}.Debug|Any CPU.Build.0 = Debug|Any CPU
		{BA1C1023-7373-A754-1981-5EDFD6C003F1}.Release|Any CPU.ActiveCfg = Release|Any CPU
		{BA1C1023-7373-A754-1981-5EDFD6C003F1}.Release|Any CPU.Build.0 = Release|Any CPU
		{CF426AF5-EC5A-84CF-91AC-AA9F38F8DB50}.Debug|Any CPU.ActiveCfg = Debug|Any CPU
		{CF426AF5-EC5A-84CF-91AC-AA9F38F8DB50}.Debug|Any CPU.Build.0 = Debug|Any CPU
		{CF426AF5-EC5A-84CF-91AC-AA9F38F8DB50}.Release|Any CPU.ActiveCfg = Release|Any CPU
		{CF426AF5-EC5A-84CF-91AC-AA9F38F8DB50}.Release|Any CPU.Build.0 = Release|Any CPU
		{EA9448C2-2BE2-9ACC-9A42-6323638F7C4A}.Debug|Any CPU.ActiveCfg = Debug|Any CPU
		{EA9448C2-2BE2-9ACC-9A42-6323638F7C4A}.Debug|Any CPU.Build.0 = Debug|Any CPU
		{EA9448C2-2BE2-9ACC-9A42-6323638F7C4A}.Release|Any CPU.ActiveCfg = Release|Any CPU
		{EA9448C2-2BE2-9ACC-9A42-6323638F7C4A}.Release|Any CPU.Build.0 = Release|Any CPU
		{52DA3605-1EF8-6B84-6821-83BBD6AD690C}.Debug|Any CPU.ActiveCfg = Debug|Any CPU
		{52DA3605-1EF8-6B84-6821-83BBD6AD690C}.Debug|Any CPU.Build.0 = Debug|Any CPU
		{52DA3605-1EF8-6B84-6821-83BBD6AD690C}.Release|Any CPU.ActiveCfg = Release|Any CPU
		{52DA3605-1EF8-6B84-6821-83BBD6AD690C}.Release|Any CPU.Build.0 = Release|Any CPU
		{E88E14AD-23BF-0133-4590-34E5E55F235A}.Debug|Any CPU.ActiveCfg = Debug|Any CPU
		{E88E14AD-23BF-0133-4590-34E5E55F235A}.Debug|Any CPU.Build.0 = Debug|Any CPU
		{E88E14AD-23BF-0133-4590-34E5E55F235A}.Release|Any CPU.ActiveCfg = Release|Any CPU
		{E88E14AD-23BF-0133-4590-34E5E55F235A}.Release|Any CPU.Build.0 = Release|Any CPU
		{7B233365-87FD-F2C1-0572-F41A44D60464}.Debug|Any CPU.ActiveCfg = Debug|Any CPU
		{7B233365-87FD-F2C1-0572-F41A44D60464}.Debug|Any CPU.Build.0 = Debug|Any CPU
		{7B233365-87FD-F2C1-0572-F41A44D60464}.Release|Any CPU.ActiveCfg = Release|Any CPU
		{7B233365-87FD-F2C1-0572-F41A44D60464}.Release|Any CPU.Build.0 = Release|Any CPU
		{78D3C546-B09A-A61C-7A76-5504CCA5DD8F}.Debug|Any CPU.ActiveCfg = Debug|Any CPU
		{78D3C546-B09A-A61C-7A76-5504CCA5DD8F}.Debug|Any CPU.Build.0 = Debug|Any CPU
		{78D3C546-B09A-A61C-7A76-5504CCA5DD8F}.Release|Any CPU.ActiveCfg = Release|Any CPU
		{78D3C546-B09A-A61C-7A76-5504CCA5DD8F}.Release|Any CPU.Build.0 = Release|Any CPU
		{6BE14C5C-88D5-5B3B-00CC-32FA4D215AB2}.Debug|Any CPU.ActiveCfg = Debug|Any CPU
		{6BE14C5C-88D5-5B3B-00CC-32FA4D215AB2}.Debug|Any CPU.Build.0 = Debug|Any CPU
		{6BE14C5C-88D5-5B3B-00CC-32FA4D215AB2}.Release|Any CPU.ActiveCfg = Release|Any CPU
		{6BE14C5C-88D5-5B3B-00CC-32FA4D215AB2}.Release|Any CPU.Build.0 = Release|Any CPU
		{6BE85FB9-C4C5-B687-FBCD-3EE8F2909603}.Debug|Any CPU.ActiveCfg = Debug|Any CPU
		{6BE85FB9-C4C5-B687-FBCD-3EE8F2909603}.Debug|Any CPU.Build.0 = Debug|Any CPU
		{6BE85FB9-C4C5-B687-FBCD-3EE8F2909603}.Release|Any CPU.ActiveCfg = Release|Any CPU
		{6BE85FB9-C4C5-B687-FBCD-3EE8F2909603}.Release|Any CPU.Build.0 = Release|Any CPU
		{4B54D95F-543B-4994-7BDE-47FB5FDA74E8}.Debug|Any CPU.ActiveCfg = Debug|Any CPU
		{4B54D95F-543B-4994-7BDE-47FB5FDA74E8}.Debug|Any CPU.Build.0 = Debug|Any CPU
		{4B54D95F-543B-4994-7BDE-47FB5FDA74E8}.Release|Any CPU.ActiveCfg = Release|Any CPU
		{4B54D95F-543B-4994-7BDE-47FB5FDA74E8}.Release|Any CPU.Build.0 = Release|Any CPU
		{27128AE3-0608-A181-0B78-B70F8D80AA3F}.Debug|Any CPU.ActiveCfg = Debug|Any CPU
		{27128AE3-0608-A181-0B78-B70F8D80AA3F}.Debug|Any CPU.Build.0 = Debug|Any CPU
		{27128AE3-0608-A181-0B78-B70F8D80AA3F}.Release|Any CPU.ActiveCfg = Release|Any CPU
		{27128AE3-0608-A181-0B78-B70F8D80AA3F}.Release|Any CPU.Build.0 = Release|Any CPU
		{DB5FB38D-1A5C-8E2A-6E85-A7B354AC1E8D}.Debug|Any CPU.ActiveCfg = Debug|Any CPU
		{DB5FB38D-1A5C-8E2A-6E85-A7B354AC1E8D}.Debug|Any CPU.Build.0 = Debug|Any CPU
		{DB5FB38D-1A5C-8E2A-6E85-A7B354AC1E8D}.Release|Any CPU.ActiveCfg = Release|Any CPU
		{DB5FB38D-1A5C-8E2A-6E85-A7B354AC1E8D}.Release|Any CPU.Build.0 = Release|Any CPU
		{DA237404-4A3F-F4E4-C492-B95C1745BF87}.Debug|Any CPU.ActiveCfg = Debug|Any CPU
		{DA237404-4A3F-F4E4-C492-B95C1745BF87}.Debug|Any CPU.Build.0 = Debug|Any CPU
		{DA237404-4A3F-F4E4-C492-B95C1745BF87}.Release|Any CPU.ActiveCfg = Release|Any CPU
		{DA237404-4A3F-F4E4-C492-B95C1745BF87}.Release|Any CPU.Build.0 = Release|Any CPU
		{47024E62-74E7-2CB8-0BA8-268461614579}.Debug|Any CPU.ActiveCfg = Debug|Any CPU
		{47024E62-74E7-2CB8-0BA8-268461614579}.Debug|Any CPU.Build.0 = Debug|Any CPU
		{47024E62-74E7-2CB8-0BA8-268461614579}.Release|Any CPU.ActiveCfg = Release|Any CPU
		{47024E62-74E7-2CB8-0BA8-268461614579}.Release|Any CPU.Build.0 = Release|Any CPU
		{5F871410-67FC-EC69-99BC-118EA3F41397}.Debug|Any CPU.ActiveCfg = Debug|Any CPU
		{5F871410-67FC-EC69-99BC-118EA3F41397}.Debug|Any CPU.Build.0 = Debug|Any CPU
		{5F871410-67FC-EC69-99BC-118EA3F41397}.Release|Any CPU.ActiveCfg = Release|Any CPU
		{5F871410-67FC-EC69-99BC-118EA3F41397}.Release|Any CPU.Build.0 = Release|Any CPU
		{9E9C7AF4-64C9-906A-3634-33BFB4AEE6B6}.Debug|Any CPU.ActiveCfg = Debug|Any CPU
		{9E9C7AF4-64C9-906A-3634-33BFB4AEE6B6}.Debug|Any CPU.Build.0 = Debug|Any CPU
		{9E9C7AF4-64C9-906A-3634-33BFB4AEE6B6}.Release|Any CPU.ActiveCfg = Release|Any CPU
		{9E9C7AF4-64C9-906A-3634-33BFB4AEE6B6}.Release|Any CPU.Build.0 = Release|Any CPU
		{C8B3B8C8-BBB8-F4CE-0898-D36F17168F7B}.Debug|Any CPU.ActiveCfg = Debug|Any CPU
		{C8B3B8C8-BBB8-F4CE-0898-D36F17168F7B}.Debug|Any CPU.Build.0 = Debug|Any CPU
		{C8B3B8C8-BBB8-F4CE-0898-D36F17168F7B}.Release|Any CPU.ActiveCfg = Release|Any CPU
		{C8B3B8C8-BBB8-F4CE-0898-D36F17168F7B}.Release|Any CPU.Build.0 = Release|Any CPU
		{33A891B4-6E1F-1B92-A061-22E6DFE3063C}.Debug|Any CPU.ActiveCfg = Debug|Any CPU
		{33A891B4-6E1F-1B92-A061-22E6DFE3063C}.Debug|Any CPU.Build.0 = Debug|Any CPU
		{33A891B4-6E1F-1B92-A061-22E6DFE3063C}.Release|Any CPU.ActiveCfg = Release|Any CPU
		{33A891B4-6E1F-1B92-A061-22E6DFE3063C}.Release|Any CPU.Build.0 = Release|Any CPU
		{D6CEF346-8F45-B01D-8AD9-F58724A67665}.Debug|Any CPU.ActiveCfg = Debug|Any CPU
		{D6CEF346-8F45-B01D-8AD9-F58724A67665}.Debug|Any CPU.Build.0 = Debug|Any CPU
		{D6CEF346-8F45-B01D-8AD9-F58724A67665}.Release|Any CPU.ActiveCfg = Release|Any CPU
		{D6CEF346-8F45-B01D-8AD9-F58724A67665}.Release|Any CPU.Build.0 = Release|Any CPU
		{21D94C26-4C4E-E273-4102-6152F548C8CD}.Debug|Any CPU.ActiveCfg = Debug|Any CPU
		{21D94C26-4C4E-E273-4102-6152F548C8CD}.Debug|Any CPU.Build.0 = Debug|Any CPU
		{21D94C26-4C4E-E273-4102-6152F548C8CD}.Release|Any CPU.ActiveCfg = Release|Any CPU
		{21D94C26-4C4E-E273-4102-6152F548C8CD}.Release|Any CPU.Build.0 = Release|Any CPU
		{DCC94E33-55A3-E9D4-3FF4-F2A255C9230F}.Debug|Any CPU.ActiveCfg = Debug|Any CPU
		{DCC94E33-55A3-E9D4-3FF4-F2A255C9230F}.Debug|Any CPU.Build.0 = Debug|Any CPU
		{DCC94E33-55A3-E9D4-3FF4-F2A255C9230F}.Release|Any CPU.ActiveCfg = Release|Any CPU
		{DCC94E33-55A3-E9D4-3FF4-F2A255C9230F}.Release|Any CPU.Build.0 = Release|Any CPU
		{6B0D86C3-9247-C236-9947-724B904DFE60}.Debug|Any CPU.ActiveCfg = Debug|Any CPU
		{6B0D86C3-9247-C236-9947-724B904DFE60}.Debug|Any CPU.Build.0 = Debug|Any CPU
		{6B0D86C3-9247-C236-9947-724B904DFE60}.Release|Any CPU.ActiveCfg = Release|Any CPU
		{6B0D86C3-9247-C236-9947-724B904DFE60}.Release|Any CPU.Build.0 = Release|Any CPU
		{702EA7E0-CA78-9A17-D537-C65684A31EBF}.Debug|Any CPU.ActiveCfg = Debug|Any CPU
		{702EA7E0-CA78-9A17-D537-C65684A31EBF}.Debug|Any CPU.Build.0 = Debug|Any CPU
		{702EA7E0-CA78-9A17-D537-C65684A31EBF}.Release|Any CPU.ActiveCfg = Release|Any CPU
		{702EA7E0-CA78-9A17-D537-C65684A31EBF}.Release|Any CPU.Build.0 = Release|Any CPU
		{6772579D-1B0F-50DD-EDB0-74E078AD9479}.Debug|Any CPU.ActiveCfg = Debug|Any CPU
		{6772579D-1B0F-50DD-EDB0-74E078AD9479}.Debug|Any CPU.Build.0 = Debug|Any CPU
		{6772579D-1B0F-50DD-EDB0-74E078AD9479}.Release|Any CPU.ActiveCfg = Release|Any CPU
		{6772579D-1B0F-50DD-EDB0-74E078AD9479}.Release|Any CPU.Build.0 = Release|Any CPU
		{894B0D0B-D0D6-556E-FA14-890E51684DCD}.Debug|Any CPU.ActiveCfg = Debug|Any CPU
		{894B0D0B-D0D6-556E-FA14-890E51684DCD}.Debug|Any CPU.Build.0 = Debug|Any CPU
		{894B0D0B-D0D6-556E-FA14-890E51684DCD}.Release|Any CPU.ActiveCfg = Release|Any CPU
		{894B0D0B-D0D6-556E-FA14-890E51684DCD}.Release|Any CPU.Build.0 = Release|Any CPU
		{431BC4B0-7DF2-049F-5A95-DB0FA075BDDE}.Debug|Any CPU.ActiveCfg = Debug|Any CPU
		{431BC4B0-7DF2-049F-5A95-DB0FA075BDDE}.Debug|Any CPU.Build.0 = Debug|Any CPU
		{431BC4B0-7DF2-049F-5A95-DB0FA075BDDE}.Release|Any CPU.ActiveCfg = Release|Any CPU
		{431BC4B0-7DF2-049F-5A95-DB0FA075BDDE}.Release|Any CPU.Build.0 = Release|Any CPU
		{95DCBD46-573C-6573-D73E-9D7B656D8A4E}.Debug|Any CPU.ActiveCfg = Debug|Any CPU
		{95DCBD46-573C-6573-D73E-9D7B656D8A4E}.Debug|Any CPU.Build.0 = Debug|Any CPU
		{95DCBD46-573C-6573-D73E-9D7B656D8A4E}.Release|Any CPU.ActiveCfg = Release|Any CPU
		{95DCBD46-573C-6573-D73E-9D7B656D8A4E}.Release|Any CPU.Build.0 = Release|Any CPU
		{1AF99546-4B2C-A170-2864-D738EF0D12DC}.Debug|Any CPU.ActiveCfg = Debug|Any CPU
		{1AF99546-4B2C-A170-2864-D738EF0D12DC}.Debug|Any CPU.Build.0 = Debug|Any CPU
		{1AF99546-4B2C-A170-2864-D738EF0D12DC}.Release|Any CPU.ActiveCfg = Release|Any CPU
		{1AF99546-4B2C-A170-2864-D738EF0D12DC}.Release|Any CPU.Build.0 = Release|Any CPU
		{0C8E5FAA-D577-0678-BE8C-AC5BB365B864}.Debug|Any CPU.ActiveCfg = Debug|Any CPU
		{0C8E5FAA-D577-0678-BE8C-AC5BB365B864}.Debug|Any CPU.Build.0 = Debug|Any CPU
		{0C8E5FAA-D577-0678-BE8C-AC5BB365B864}.Release|Any CPU.ActiveCfg = Release|Any CPU
		{0C8E5FAA-D577-0678-BE8C-AC5BB365B864}.Release|Any CPU.Build.0 = Release|Any CPU
		{07FE973A-08B2-9752-B071-74235675CACD}.Debug|Any CPU.ActiveCfg = Debug|Any CPU
		{07FE973A-08B2-9752-B071-74235675CACD}.Debug|Any CPU.Build.0 = Debug|Any CPU
		{07FE973A-08B2-9752-B071-74235675CACD}.Release|Any CPU.ActiveCfg = Release|Any CPU
		{07FE973A-08B2-9752-B071-74235675CACD}.Release|Any CPU.Build.0 = Release|Any CPU
		{92DC19EC-6DB6-A839-3D70-F328FB93B02D}.Debug|Any CPU.ActiveCfg = Debug|Any CPU
		{92DC19EC-6DB6-A839-3D70-F328FB93B02D}.Debug|Any CPU.Build.0 = Debug|Any CPU
		{92DC19EC-6DB6-A839-3D70-F328FB93B02D}.Release|Any CPU.ActiveCfg = Release|Any CPU
		{92DC19EC-6DB6-A839-3D70-F328FB93B02D}.Release|Any CPU.Build.0 = Release|Any CPU
		{68691F44-EC03-E321-3F38-F2EFB156AC32}.Debug|Any CPU.ActiveCfg = Debug|Any CPU
		{68691F44-EC03-E321-3F38-F2EFB156AC32}.Debug|Any CPU.Build.0 = Debug|Any CPU
		{68691F44-EC03-E321-3F38-F2EFB156AC32}.Release|Any CPU.ActiveCfg = Release|Any CPU
		{68691F44-EC03-E321-3F38-F2EFB156AC32}.Release|Any CPU.Build.0 = Release|Any CPU
		{AB1E1550-FD97-684B-45BB-E0D361191350}.Debug|Any CPU.ActiveCfg = Debug|Any CPU
		{AB1E1550-FD97-684B-45BB-E0D361191350}.Debug|Any CPU.Build.0 = Debug|Any CPU
		{AB1E1550-FD97-684B-45BB-E0D361191350}.Release|Any CPU.ActiveCfg = Release|Any CPU
		{AB1E1550-FD97-684B-45BB-E0D361191350}.Release|Any CPU.Build.0 = Release|Any CPU
		{BCEEE2A4-65C8-FAA4-5888-789197266482}.Debug|Any CPU.ActiveCfg = Debug|Any CPU
		{BCEEE2A4-65C8-FAA4-5888-789197266482}.Debug|Any CPU.Build.0 = Debug|Any CPU
		{BCEEE2A4-65C8-FAA4-5888-789197266482}.Release|Any CPU.ActiveCfg = Release|Any CPU
		{BCEEE2A4-65C8-FAA4-5888-789197266482}.Release|Any CPU.Build.0 = Release|Any CPU
		{8149856B-C11A-1BEF-19DB-490A813B4A55}.Debug|Any CPU.ActiveCfg = Debug|Any CPU
		{8149856B-C11A-1BEF-19DB-490A813B4A55}.Debug|Any CPU.Build.0 = Debug|Any CPU
		{8149856B-C11A-1BEF-19DB-490A813B4A55}.Release|Any CPU.ActiveCfg = Release|Any CPU
		{8149856B-C11A-1BEF-19DB-490A813B4A55}.Release|Any CPU.Build.0 = Release|Any CPU
		{E439DFF4-CD1F-783C-459B-E975583DA53E}.Debug|Any CPU.ActiveCfg = Debug|Any CPU
		{E439DFF4-CD1F-783C-459B-E975583DA53E}.Debug|Any CPU.Build.0 = Debug|Any CPU
		{E439DFF4-CD1F-783C-459B-E975583DA53E}.Release|Any CPU.ActiveCfg = Release|Any CPU
		{E439DFF4-CD1F-783C-459B-E975583DA53E}.Release|Any CPU.Build.0 = Release|Any CPU
		{EF2C40F9-ABC8-3135-B9C9-BD68659E8254}.Debug|Any CPU.ActiveCfg = Debug|Any CPU
		{EF2C40F9-ABC8-3135-B9C9-BD68659E8254}.Debug|Any CPU.Build.0 = Debug|Any CPU
		{EF2C40F9-ABC8-3135-B9C9-BD68659E8254}.Release|Any CPU.ActiveCfg = Release|Any CPU
		{EF2C40F9-ABC8-3135-B9C9-BD68659E8254}.Release|Any CPU.Build.0 = Release|Any CPU
		{6FBF3EA9-0858-50B9-926F-0FC3D3CE5F61}.Debug|Any CPU.ActiveCfg = Debug|Any CPU
		{6FBF3EA9-0858-50B9-926F-0FC3D3CE5F61}.Debug|Any CPU.Build.0 = Debug|Any CPU
		{6FBF3EA9-0858-50B9-926F-0FC3D3CE5F61}.Release|Any CPU.ActiveCfg = Release|Any CPU
		{6FBF3EA9-0858-50B9-926F-0FC3D3CE5F61}.Release|Any CPU.Build.0 = Release|Any CPU
		{FFD5DFB0-6197-14E8-7959-AE7884EE0F9F}.Debug|Any CPU.ActiveCfg = Debug|Any CPU
		{FFD5DFB0-6197-14E8-7959-AE7884EE0F9F}.Debug|Any CPU.Build.0 = Debug|Any CPU
		{FFD5DFB0-6197-14E8-7959-AE7884EE0F9F}.Release|Any CPU.ActiveCfg = Release|Any CPU
		{FFD5DFB0-6197-14E8-7959-AE7884EE0F9F}.Release|Any CPU.Build.0 = Release|Any CPU
		{9D90995D-EA40-774F-5CAF-CB940076FA52}.Debug|Any CPU.ActiveCfg = Debug|Any CPU
		{9D90995D-EA40-774F-5CAF-CB940076FA52}.Debug|Any CPU.Build.0 = Debug|Any CPU
		{9D90995D-EA40-774F-5CAF-CB940076FA52}.Release|Any CPU.ActiveCfg = Release|Any CPU
		{9D90995D-EA40-774F-5CAF-CB940076FA52}.Release|Any CPU.Build.0 = Release|Any CPU
		{83B68F02-A6DE-3937-711B-63D5376BCE73}.Debug|Any CPU.ActiveCfg = Debug|Any CPU
		{83B68F02-A6DE-3937-711B-63D5376BCE73}.Debug|Any CPU.Build.0 = Debug|Any CPU
		{83B68F02-A6DE-3937-711B-63D5376BCE73}.Release|Any CPU.ActiveCfg = Release|Any CPU
		{83B68F02-A6DE-3937-711B-63D5376BCE73}.Release|Any CPU.Build.0 = Release|Any CPU
		{8AADE012-34C2-3E2F-1657-20AEC0133FE1}.Debug|Any CPU.ActiveCfg = Debug|Any CPU
		{8AADE012-34C2-3E2F-1657-20AEC0133FE1}.Debug|Any CPU.Build.0 = Debug|Any CPU
		{8AADE012-34C2-3E2F-1657-20AEC0133FE1}.Release|Any CPU.ActiveCfg = Release|Any CPU
		{8AADE012-34C2-3E2F-1657-20AEC0133FE1}.Release|Any CPU.Build.0 = Release|Any CPU
		{1DBBFC04-EA73-F95B-58CB-2284D53A4602}.Debug|Any CPU.ActiveCfg = Debug|Any CPU
		{1DBBFC04-EA73-F95B-58CB-2284D53A4602}.Debug|Any CPU.Build.0 = Debug|Any CPU
		{1DBBFC04-EA73-F95B-58CB-2284D53A4602}.Release|Any CPU.ActiveCfg = Release|Any CPU
		{1DBBFC04-EA73-F95B-58CB-2284D53A4602}.Release|Any CPU.Build.0 = Release|Any CPU
		{1B59769F-05EC-036C-96BC-9FEE363CBE37}.Debug|Any CPU.ActiveCfg = Debug|Any CPU
		{1B59769F-05EC-036C-96BC-9FEE363CBE37}.Debug|Any CPU.Build.0 = Debug|Any CPU
		{1B59769F-05EC-036C-96BC-9FEE363CBE37}.Release|Any CPU.ActiveCfg = Release|Any CPU
		{1B59769F-05EC-036C-96BC-9FEE363CBE37}.Release|Any CPU.Build.0 = Release|Any CPU
		{2C4D2290-F462-1B19-37B7-2247F2DA362A}.Debug|Any CPU.ActiveCfg = Debug|Any CPU
		{2C4D2290-F462-1B19-37B7-2247F2DA362A}.Debug|Any CPU.Build.0 = Debug|Any CPU
		{2C4D2290-F462-1B19-37B7-2247F2DA362A}.Release|Any CPU.ActiveCfg = Release|Any CPU
		{2C4D2290-F462-1B19-37B7-2247F2DA362A}.Release|Any CPU.Build.0 = Release|Any CPU
		{A97DBFA9-002D-170C-9F24-A04969E6C9B9}.Debug|Any CPU.ActiveCfg = Debug|Any CPU
		{A97DBFA9-002D-170C-9F24-A04969E6C9B9}.Debug|Any CPU.Build.0 = Debug|Any CPU
		{A97DBFA9-002D-170C-9F24-A04969E6C9B9}.Release|Any CPU.ActiveCfg = Release|Any CPU
		{A97DBFA9-002D-170C-9F24-A04969E6C9B9}.Release|Any CPU.Build.0 = Release|Any CPU
		{BDAC7457-1D5D-3B6D-232F-1583E972A00A}.Debug|Any CPU.ActiveCfg = Debug|Any CPU
		{BDAC7457-1D5D-3B6D-232F-1583E972A00A}.Debug|Any CPU.Build.0 = Debug|Any CPU
		{BDAC7457-1D5D-3B6D-232F-1583E972A00A}.Release|Any CPU.ActiveCfg = Release|Any CPU
		{BDAC7457-1D5D-3B6D-232F-1583E972A00A}.Release|Any CPU.Build.0 = Release|Any CPU
		{64FD59BC-5416-1D79-1575-FF731BB78FC8}.Debug|Any CPU.ActiveCfg = Debug|Any CPU
		{64FD59BC-5416-1D79-1575-FF731BB78FC8}.Debug|Any CPU.Build.0 = Debug|Any CPU
		{64FD59BC-5416-1D79-1575-FF731BB78FC8}.Release|Any CPU.ActiveCfg = Release|Any CPU
		{64FD59BC-5416-1D79-1575-FF731BB78FC8}.Release|Any CPU.Build.0 = Release|Any CPU
		{531B2A41-C090-6E6C-84C1-E7D17E1BE14D}.Debug|Any CPU.ActiveCfg = Debug|Any CPU
		{531B2A41-C090-6E6C-84C1-E7D17E1BE14D}.Debug|Any CPU.Build.0 = Debug|Any CPU
		{531B2A41-C090-6E6C-84C1-E7D17E1BE14D}.Release|Any CPU.ActiveCfg = Release|Any CPU
		{531B2A41-C090-6E6C-84C1-E7D17E1BE14D}.Release|Any CPU.Build.0 = Release|Any CPU
	EndGlobalSection
	GlobalSection(SolutionProperties) = preSolution
		HideSolutionNode = FALSE
	EndGlobalSection
EndGlobal
